// !$*UTF8*$!
{
	archiveVersion = 1;
	classes = {
	};
	objectVersion = 46;
	objects = {

/* Begin PBXBuildFile section */
		E115467B1405319700DB7F8D /* Foundation.framework in Frameworks */ = {isa = PBXBuildFile; fileRef = E115467A1405319700DB7F8D /* Foundation.framework */; };
		E11546891405319700DB7F8D /* SenTestingKit.framework in Frameworks */ = {isa = PBXBuildFile; fileRef = E11546881405319700DB7F8D /* SenTestingKit.framework */; };
		E115468C1405319700DB7F8D /* Foundation.framework in Frameworks */ = {isa = PBXBuildFile; fileRef = E115467A1405319700DB7F8D /* Foundation.framework */; };
		E11546911405319700DB7F8D /* libiOSEasyKit.a in Frameworks */ = {isa = PBXBuildFile; fileRef = E11546771405319700DB7F8D /* libiOSEasyKit.a */; };
		E11546971405319700DB7F8D /* InfoPlist.strings in Resources */ = {isa = PBXBuildFile; fileRef = E11546951405319700DB7F8D /* InfoPlist.strings */; };
		E11546991405319700DB7F8D /* IEKCryptoTests.h in Resources */ = {isa = PBXBuildFile; fileRef = E11546981405319700DB7F8D /* IEKCryptoTests.h */; };
		E115469B1405319700DB7F8D /* IEKCryptoTests.m in Sources */ = {isa = PBXBuildFile; fileRef = E115469A1405319700DB7F8D /* IEKCryptoTests.m */; };
		E11546A614054B0E00DB7F8D /* NSString+IEK.h in Headers */ = {isa = PBXBuildFile; fileRef = E11546A414054B0E00DB7F8D /* NSString+IEK.h */; };
		E11546A714054B0E00DB7F8D /* NSString+IEK.m in Sources */ = {isa = PBXBuildFile; fileRef = E11546A514054B0E00DB7F8D /* NSString+IEK.m */; };
		E168DA5514847ADC00380F7A /* ASIAuthenticationDialog.h in Headers */ = {isa = PBXBuildFile; fileRef = E168DA2114847ADC00380F7A /* ASIAuthenticationDialog.h */; };
		E168DA5614847ADC00380F7A /* ASIAuthenticationDialog.m in Sources */ = {isa = PBXBuildFile; fileRef = E168DA2214847ADC00380F7A /* ASIAuthenticationDialog.m */; };
		E168DA5714847ADC00380F7A /* ASICacheDelegate.h in Headers */ = {isa = PBXBuildFile; fileRef = E168DA2314847ADC00380F7A /* ASICacheDelegate.h */; };
		E168DA5814847ADC00380F7A /* ASIDataCompressor.h in Headers */ = {isa = PBXBuildFile; fileRef = E168DA2414847ADC00380F7A /* ASIDataCompressor.h */; };
		E168DA5914847ADC00380F7A /* ASIDataCompressor.m in Sources */ = {isa = PBXBuildFile; fileRef = E168DA2514847ADC00380F7A /* ASIDataCompressor.m */; };
		E168DA5A14847ADC00380F7A /* ASIDataDecompressor.h in Headers */ = {isa = PBXBuildFile; fileRef = E168DA2614847ADC00380F7A /* ASIDataDecompressor.h */; };
		E168DA5B14847ADC00380F7A /* ASIDataDecompressor.m in Sources */ = {isa = PBXBuildFile; fileRef = E168DA2714847ADC00380F7A /* ASIDataDecompressor.m */; };
		E168DA5C14847ADC00380F7A /* ASIDownloadCache.h in Headers */ = {isa = PBXBuildFile; fileRef = E168DA2814847ADC00380F7A /* ASIDownloadCache.h */; };
		E168DA5D14847ADC00380F7A /* ASIDownloadCache.m in Sources */ = {isa = PBXBuildFile; fileRef = E168DA2914847ADC00380F7A /* ASIDownloadCache.m */; };
		E168DA5E14847ADC00380F7A /* ASIFormDataRequest.h in Headers */ = {isa = PBXBuildFile; fileRef = E168DA2A14847ADC00380F7A /* ASIFormDataRequest.h */; };
		E168DA5F14847ADC00380F7A /* ASIFormDataRequest.m in Sources */ = {isa = PBXBuildFile; fileRef = E168DA2B14847ADC00380F7A /* ASIFormDataRequest.m */; };
		E168DA6014847ADC00380F7A /* ASIHTTPRequest.h in Headers */ = {isa = PBXBuildFile; fileRef = E168DA2C14847ADC00380F7A /* ASIHTTPRequest.h */; };
		E168DA6114847ADC00380F7A /* ASIHTTPRequest.m in Sources */ = {isa = PBXBuildFile; fileRef = E168DA2D14847ADC00380F7A /* ASIHTTPRequest.m */; };
		E168DA6214847ADC00380F7A /* ASIHTTPRequestConfig.h in Headers */ = {isa = PBXBuildFile; fileRef = E168DA2E14847ADC00380F7A /* ASIHTTPRequestConfig.h */; };
		E168DA6314847ADC00380F7A /* ASIHTTPRequestDelegate.h in Headers */ = {isa = PBXBuildFile; fileRef = E168DA2F14847ADC00380F7A /* ASIHTTPRequestDelegate.h */; };
		E168DA6414847ADC00380F7A /* ASIInputStream.h in Headers */ = {isa = PBXBuildFile; fileRef = E168DA3014847ADC00380F7A /* ASIInputStream.h */; };
		E168DA6514847ADC00380F7A /* ASIInputStream.m in Sources */ = {isa = PBXBuildFile; fileRef = E168DA3114847ADC00380F7A /* ASIInputStream.m */; };
		E168DA6614847ADC00380F7A /* ASINetworkQueue.h in Headers */ = {isa = PBXBuildFile; fileRef = E168DA3214847ADC00380F7A /* ASINetworkQueue.h */; };
		E168DA6714847ADC00380F7A /* ASINetworkQueue.m in Sources */ = {isa = PBXBuildFile; fileRef = E168DA3314847ADC00380F7A /* ASINetworkQueue.m */; };
		E168DA6814847ADC00380F7A /* ASIProgressDelegate.h in Headers */ = {isa = PBXBuildFile; fileRef = E168DA3414847ADC00380F7A /* ASIProgressDelegate.h */; };
		E168DA6914847ADC00380F7A /* ASIWebPageRequest.h in Headers */ = {isa = PBXBuildFile; fileRef = E168DA3614847ADC00380F7A /* ASIWebPageRequest.h */; };
		E168DA6A14847ADC00380F7A /* ASIWebPageRequest.m in Sources */ = {isa = PBXBuildFile; fileRef = E168DA3714847ADC00380F7A /* ASIWebPageRequest.m */; };
		E168DA6B14847ADC00380F7A /* ASICloudFilesCDNRequest.h in Headers */ = {isa = PBXBuildFile; fileRef = E168DA3914847ADC00380F7A /* ASICloudFilesCDNRequest.h */; };
		E168DA6C14847ADC00380F7A /* ASICloudFilesCDNRequest.m in Sources */ = {isa = PBXBuildFile; fileRef = E168DA3A14847ADC00380F7A /* ASICloudFilesCDNRequest.m */; };
		E168DA6D14847ADC00380F7A /* ASICloudFilesContainer.h in Headers */ = {isa = PBXBuildFile; fileRef = E168DA3B14847ADC00380F7A /* ASICloudFilesContainer.h */; };
		E168DA6E14847ADC00380F7A /* ASICloudFilesContainer.m in Sources */ = {isa = PBXBuildFile; fileRef = E168DA3C14847ADC00380F7A /* ASICloudFilesContainer.m */; };
		E168DA6F14847ADC00380F7A /* ASICloudFilesContainerRequest.h in Headers */ = {isa = PBXBuildFile; fileRef = E168DA3D14847ADC00380F7A /* ASICloudFilesContainerRequest.h */; };
		E168DA7014847ADC00380F7A /* ASICloudFilesContainerRequest.m in Sources */ = {isa = PBXBuildFile; fileRef = E168DA3E14847ADC00380F7A /* ASICloudFilesContainerRequest.m */; };
		E168DA7114847ADC00380F7A /* ASICloudFilesContainerXMLParserDelegate.h in Headers */ = {isa = PBXBuildFile; fileRef = E168DA3F14847ADC00380F7A /* ASICloudFilesContainerXMLParserDelegate.h */; };
		E168DA7214847ADC00380F7A /* ASICloudFilesContainerXMLParserDelegate.m in Sources */ = {isa = PBXBuildFile; fileRef = E168DA4014847ADC00380F7A /* ASICloudFilesContainerXMLParserDelegate.m */; };
		E168DA7314847ADC00380F7A /* ASICloudFilesObject.h in Headers */ = {isa = PBXBuildFile; fileRef = E168DA4114847ADC00380F7A /* ASICloudFilesObject.h */; };
		E168DA7414847ADC00380F7A /* ASICloudFilesObject.m in Sources */ = {isa = PBXBuildFile; fileRef = E168DA4214847ADC00380F7A /* ASICloudFilesObject.m */; };
		E168DA7514847ADC00380F7A /* ASICloudFilesObjectRequest.h in Headers */ = {isa = PBXBuildFile; fileRef = E168DA4314847ADC00380F7A /* ASICloudFilesObjectRequest.h */; };
		E168DA7614847ADC00380F7A /* ASICloudFilesObjectRequest.m in Sources */ = {isa = PBXBuildFile; fileRef = E168DA4414847ADC00380F7A /* ASICloudFilesObjectRequest.m */; };
		E168DA7714847ADC00380F7A /* ASICloudFilesRequest.h in Headers */ = {isa = PBXBuildFile; fileRef = E168DA4514847ADC00380F7A /* ASICloudFilesRequest.h */; };
		E168DA7814847ADC00380F7A /* ASICloudFilesRequest.m in Sources */ = {isa = PBXBuildFile; fileRef = E168DA4614847ADC00380F7A /* ASICloudFilesRequest.m */; };
		E168DA7914847ADC00380F7A /* ASINSXMLParserCompat.h in Headers */ = {isa = PBXBuildFile; fileRef = E168DA4814847ADC00380F7A /* ASINSXMLParserCompat.h */; };
		E168DA7A14847ADC00380F7A /* ASIS3Bucket.h in Headers */ = {isa = PBXBuildFile; fileRef = E168DA4914847ADC00380F7A /* ASIS3Bucket.h */; };
		E168DA7B14847ADC00380F7A /* ASIS3Bucket.m in Sources */ = {isa = PBXBuildFile; fileRef = E168DA4A14847ADC00380F7A /* ASIS3Bucket.m */; };
		E168DA7C14847ADC00380F7A /* ASIS3BucketObject.h in Headers */ = {isa = PBXBuildFile; fileRef = E168DA4B14847ADC00380F7A /* ASIS3BucketObject.h */; };
		E168DA7D14847ADC00380F7A /* ASIS3BucketObject.m in Sources */ = {isa = PBXBuildFile; fileRef = E168DA4C14847ADC00380F7A /* ASIS3BucketObject.m */; };
		E168DA7E14847ADC00380F7A /* ASIS3BucketRequest.h in Headers */ = {isa = PBXBuildFile; fileRef = E168DA4D14847ADC00380F7A /* ASIS3BucketRequest.h */; };
		E168DA7F14847ADC00380F7A /* ASIS3BucketRequest.m in Sources */ = {isa = PBXBuildFile; fileRef = E168DA4E14847ADC00380F7A /* ASIS3BucketRequest.m */; };
		E168DA8014847ADC00380F7A /* ASIS3ObjectRequest.h in Headers */ = {isa = PBXBuildFile; fileRef = E168DA4F14847ADC00380F7A /* ASIS3ObjectRequest.h */; };
		E168DA8114847ADC00380F7A /* ASIS3ObjectRequest.m in Sources */ = {isa = PBXBuildFile; fileRef = E168DA5014847ADC00380F7A /* ASIS3ObjectRequest.m */; };
		E168DA8214847ADC00380F7A /* ASIS3Request.h in Headers */ = {isa = PBXBuildFile; fileRef = E168DA5114847ADC00380F7A /* ASIS3Request.h */; };
		E168DA8314847ADC00380F7A /* ASIS3Request.m in Sources */ = {isa = PBXBuildFile; fileRef = E168DA5214847ADC00380F7A /* ASIS3Request.m */; };
		E168DA8414847ADC00380F7A /* ASIS3ServiceRequest.h in Headers */ = {isa = PBXBuildFile; fileRef = E168DA5314847ADC00380F7A /* ASIS3ServiceRequest.h */; };
		E168DA8514847ADC00380F7A /* ASIS3ServiceRequest.m in Sources */ = {isa = PBXBuildFile; fileRef = E168DA5414847ADC00380F7A /* ASIS3ServiceRequest.m */; };
		E168DA931484817B00380F7A /* IEKBase64.h in Headers */ = {isa = PBXBuildFile; fileRef = E168DA871484817B00380F7A /* IEKBase64.h */; };
		E168DA941484817B00380F7A /* IEKBase64.m in Sources */ = {isa = PBXBuildFile; fileRef = E168DA881484817B00380F7A /* IEKBase64.m */; };
		E168DA951484817B00380F7A /* IEKColorManager.h in Headers */ = {isa = PBXBuildFile; fileRef = E168DA891484817B00380F7A /* IEKColorManager.h */; };
		E168DA961484817B00380F7A /* IEKColorManager.m in Sources */ = {isa = PBXBuildFile; fileRef = E168DA8A1484817B00380F7A /* IEKColorManager.m */; };
		E168DA971484817B00380F7A /* IEKDateTimeHelper.h in Headers */ = {isa = PBXBuildFile; fileRef = E168DA8B1484817B00380F7A /* IEKDateTimeHelper.h */; };
		E168DA981484817B00380F7A /* IEKDateTimeHelper.m in Sources */ = {isa = PBXBuildFile; fileRef = E168DA8C1484817B00380F7A /* IEKDateTimeHelper.m */; };
		E168DA991484817B00380F7A /* IEKDigest.h in Headers */ = {isa = PBXBuildFile; fileRef = E168DA8D1484817B00380F7A /* IEKDigest.h */; };
		E168DA9A1484817B00380F7A /* IEKDigest.m in Sources */ = {isa = PBXBuildFile; fileRef = E168DA8E1484817B00380F7A /* IEKDigest.m */; };
		E168DA9B1484817B00380F7A /* IEKFontManager.h in Headers */ = {isa = PBXBuildFile; fileRef = E168DA8F1484817B00380F7A /* IEKFontManager.h */; };
		E168DA9C1484817B00380F7A /* IEKFontManager.m in Sources */ = {isa = PBXBuildFile; fileRef = E168DA901484817B00380F7A /* IEKFontManager.m */; };
		E168DA9D1484817B00380F7A /* IEKHmac.h in Headers */ = {isa = PBXBuildFile; fileRef = E168DA911484817B00380F7A /* IEKHmac.h */; };
		E168DA9E1484817B00380F7A /* IEKHmac.m in Sources */ = {isa = PBXBuildFile; fileRef = E168DA921484817B00380F7A /* IEKHmac.m */; };
		E19D95DF1484A38700C24253 /* Reachability.h in Headers */ = {isa = PBXBuildFile; fileRef = E19D95DB1484A38700C24253 /* Reachability.h */; };
		E19D95E01484A38700C24253 /* Reachability.m in Sources */ = {isa = PBXBuildFile; fileRef = E19D95DC1484A38700C24253 /* Reachability.m */; };
		E19D95E71484A43600C24253 /* JSONKit.h in Headers */ = {isa = PBXBuildFile; fileRef = E19D95E41484A43600C24253 /* JSONKit.h */; };
		E19D95E81484A43600C24253 /* JSONKit.m in Sources */ = {isa = PBXBuildFile; fileRef = E19D95E51484A43600C24253 /* JSONKit.m */; };
		E19D95EE1484A57400C24253 /* libxml2.dylib in Frameworks */ = {isa = PBXBuildFile; fileRef = E19D95ED1484A57400C24253 /* libxml2.dylib */; };
		E19D95EF1484A57B00C24253 /* libxml2.dylib in Frameworks */ = {isa = PBXBuildFile; fileRef = E19D95ED1484A57400C24253 /* libxml2.dylib */; };
		E19D95F01484A64100C24253 /* JSONKitTests.m in Sources */ = {isa = PBXBuildFile; fileRef = E19D95EA1484A48900C24253 /* JSONKitTests.m */; };
		E19D95F11484A93400C24253 /* UIKit.framework in Frameworks */ = {isa = PBXBuildFile; fileRef = E1C735AF1406A86B0048FF8B /* UIKit.framework */; };
		E19D95F21484A94E00C24253 /* CoreGraphics.framework in Frameworks */ = {isa = PBXBuildFile; fileRef = E1C735AD1406A8440048FF8B /* CoreGraphics.framework */; };
		E19D95F41484AB6600C24253 /* libz.dylib in Frameworks */ = {isa = PBXBuildFile; fileRef = E19D95F31484AB6600C24253 /* libz.dylib */; };
		E19D95F51484AB7700C24253 /* libz.dylib in Frameworks */ = {isa = PBXBuildFile; fileRef = E19D95F31484AB6600C24253 /* libz.dylib */; };
		E19D95F71484ACCD00C24253 /* CFNetwork.framework in Frameworks */ = {isa = PBXBuildFile; fileRef = E19D95F61484ACCD00C24253 /* CFNetwork.framework */; };
		E19D95F81484ACD000C24253 /* CFNetwork.framework in Frameworks */ = {isa = PBXBuildFile; fileRef = E19D95F61484ACCD00C24253 /* CFNetwork.framework */; };
		E19D95FE1484B19700C24253 /* SystemConfiguration.framework in Frameworks */ = {isa = PBXBuildFile; fileRef = E19D95FD1484B19700C24253 /* SystemConfiguration.framework */; };
		E19D95FF1484B1AB00C24253 /* SystemConfiguration.framework in Frameworks */ = {isa = PBXBuildFile; fileRef = E19D95FD1484B19700C24253 /* SystemConfiguration.framework */; };
		E19D96011484B26300C24253 /* MobileCoreServices.framework in Frameworks */ = {isa = PBXBuildFile; fileRef = E19D96001484B26300C24253 /* MobileCoreServices.framework */; };
		E19D96021484B26700C24253 /* MobileCoreServices.framework in Frameworks */ = {isa = PBXBuildFile; fileRef = E19D96001484B26300C24253 /* MobileCoreServices.framework */; };
		E1C0B8E014833ADE00FCB2B1 /* UIDevice+IEK.h in Headers */ = {isa = PBXBuildFile; fileRef = E1C0B8DE14833ADE00FCB2B1 /* UIDevice+IEK.h */; };
		E1C0B8E114833ADE00FCB2B1 /* UIDevice+IEK.m in Sources */ = {isa = PBXBuildFile; fileRef = E1C0B8DF14833ADE00FCB2B1 /* UIDevice+IEK.m */; };
		E1C735AE1406A8440048FF8B /* CoreGraphics.framework in Frameworks */ = {isa = PBXBuildFile; fileRef = E1C735AD1406A8440048FF8B /* CoreGraphics.framework */; };
		E1C735B01406A86B0048FF8B /* UIKit.framework in Frameworks */ = {isa = PBXBuildFile; fileRef = E1C735AF1406A86B0048FF8B /* UIKit.framework */; };
		E1E6138C140674D7007BC75C /* NSDate+IEK.h in Headers */ = {isa = PBXBuildFile; fileRef = E1E6138A140674D7007BC75C /* NSDate+IEK.h */; };
		E1E6138D140674D7007BC75C /* NSDate+IEK.m in Sources */ = {isa = PBXBuildFile; fileRef = E1E6138B140674D7007BC75C /* NSDate+IEK.m */; };
		E1EA2975140D1F9D009333F4 /* NSDictionary+IEK.h in Headers */ = {isa = PBXBuildFile; fileRef = E1EA2973140D1F9D009333F4 /* NSDictionary+IEK.h */; };
		E1EA2976140D1F9D009333F4 /* NSDictionary+IEK.m in Sources */ = {isa = PBXBuildFile; fileRef = E1EA2974140D1F9D009333F4 /* NSDictionary+IEK.m */; };
		E1EA297A140D1FF7009333F4 /* IEKObject.h in Headers */ = {isa = PBXBuildFile; fileRef = E1EA2978140D1FF7009333F4 /* IEKObject.h */; };
		E1EA297B140D1FF7009333F4 /* IEKObject.m in Sources */ = {isa = PBXBuildFile; fileRef = E1EA2979140D1FF7009333F4 /* IEKObject.m */; };
		E1EBF403140E5EDC00B7FEF4 /* IEKObjectTests.m in Sources */ = {isa = PBXBuildFile; fileRef = E1EBF402140E5EDC00B7FEF4 /* IEKObjectTests.m */; };
		E1F02A5B1409165C000610A7 /* IEKCodingTests.h in Headers */ = {isa = PBXBuildFile; fileRef = E1F02A591409165C000610A7 /* IEKCodingTests.h */; };
		E1F02A5D140917A5000610A7 /* IEKCodingTests.m in Sources */ = {isa = PBXBuildFile; fileRef = E1F02A5A1409165C000610A7 /* IEKCodingTests.m */; };
		E1F02A671409D417000610A7 /* UIFont+IEK.h in Headers */ = {isa = PBXBuildFile; fileRef = E1F02A651409D417000610A7 /* UIFont+IEK.h */; };
		E1F02A681409D417000610A7 /* UIFont+IEK.m in Sources */ = {isa = PBXBuildFile; fileRef = E1F02A661409D417000610A7 /* UIFont+IEK.m */; };
		E1F02A6D1409D719000610A7 /* UIColor+IEK.h in Headers */ = {isa = PBXBuildFile; fileRef = E1F02A6B1409D719000610A7 /* UIColor+IEK.h */; };
		E1F02A6E1409D719000610A7 /* UIColor+IEK.m in Sources */ = {isa = PBXBuildFile; fileRef = E1F02A6C1409D719000610A7 /* UIColor+IEK.m */; };
/* End PBXBuildFile section */

/* Begin PBXContainerItemProxy section */
		E115468F1405319700DB7F8D /* PBXContainerItemProxy */ = {
			isa = PBXContainerItemProxy;
			containerPortal = E115466E1405319700DB7F8D /* Project object */;
			proxyType = 1;
			remoteGlobalIDString = E11546761405319700DB7F8D;
			remoteInfo = "iOS Easy Kit";
		};
/* End PBXContainerItemProxy section */

/* Begin PBXFileReference section */
		E11546771405319700DB7F8D /* libiOSEasyKit.a */ = {isa = PBXFileReference; explicitFileType = archive.ar; includeInIndex = 0; path = libiOSEasyKit.a; sourceTree = BUILT_PRODUCTS_DIR; };
		E115467A1405319700DB7F8D /* Foundation.framework */ = {isa = PBXFileReference; lastKnownFileType = wrapper.framework; name = Foundation.framework; path = System/Library/Frameworks/Foundation.framework; sourceTree = SDKROOT; };
		E115467E1405319700DB7F8D /* iOS Easy Kit-Prefix.pch */ = {isa = PBXFileReference; lastKnownFileType = sourcecode.c.h; path = "iOS Easy Kit-Prefix.pch"; sourceTree = "<group>"; };
		E115467F1405319700DB7F8D /* iOSEasyKit.h */ = {isa = PBXFileReference; lastKnownFileType = sourcecode.c.h; path = iOSEasyKit.h; sourceTree = "<group>"; };
		E11546871405319700DB7F8D /* iOS Easy KitTests.octest */ = {isa = PBXFileReference; explicitFileType = wrapper.cfbundle; includeInIndex = 0; path = "iOS Easy KitTests.octest"; sourceTree = BUILT_PRODUCTS_DIR; };
		E11546881405319700DB7F8D /* SenTestingKit.framework */ = {isa = PBXFileReference; lastKnownFileType = wrapper.framework; name = SenTestingKit.framework; path = Library/Frameworks/SenTestingKit.framework; sourceTree = DEVELOPER_DIR; };
		E11546941405319700DB7F8D /* iOS Easy KitTests-Info.plist */ = {isa = PBXFileReference; lastKnownFileType = text.plist.xml; path = "iOS Easy KitTests-Info.plist"; sourceTree = "<group>"; };
		E11546961405319700DB7F8D /* en */ = {isa = PBXFileReference; lastKnownFileType = text.plist.strings; name = en; path = en.lproj/InfoPlist.strings; sourceTree = "<group>"; };
		E11546981405319700DB7F8D /* IEKCryptoTests.h */ = {isa = PBXFileReference; lastKnownFileType = sourcecode.c.h; path = IEKCryptoTests.h; sourceTree = "<group>"; };
		E115469A1405319700DB7F8D /* IEKCryptoTests.m */ = {isa = PBXFileReference; lastKnownFileType = sourcecode.c.objc; path = IEKCryptoTests.m; sourceTree = "<group>"; };
		E11546A414054B0E00DB7F8D /* NSString+IEK.h */ = {isa = PBXFileReference; fileEncoding = 4; lastKnownFileType = sourcecode.c.h; path = "NSString+IEK.h"; sourceTree = "<group>"; };
		E11546A514054B0E00DB7F8D /* NSString+IEK.m */ = {isa = PBXFileReference; fileEncoding = 4; lastKnownFileType = sourcecode.c.objc; path = "NSString+IEK.m"; sourceTree = "<group>"; };
		E168DA2114847ADC00380F7A /* ASIAuthenticationDialog.h */ = {isa = PBXFileReference; fileEncoding = 4; lastKnownFileType = sourcecode.c.h; path = ASIAuthenticationDialog.h; sourceTree = "<group>"; };
		E168DA2214847ADC00380F7A /* ASIAuthenticationDialog.m */ = {isa = PBXFileReference; fileEncoding = 4; lastKnownFileType = sourcecode.c.objc; path = ASIAuthenticationDialog.m; sourceTree = "<group>"; };
		E168DA2314847ADC00380F7A /* ASICacheDelegate.h */ = {isa = PBXFileReference; fileEncoding = 4; lastKnownFileType = sourcecode.c.h; path = ASICacheDelegate.h; sourceTree = "<group>"; };
		E168DA2414847ADC00380F7A /* ASIDataCompressor.h */ = {isa = PBXFileReference; fileEncoding = 4; lastKnownFileType = sourcecode.c.h; path = ASIDataCompressor.h; sourceTree = "<group>"; };
		E168DA2514847ADC00380F7A /* ASIDataCompressor.m */ = {isa = PBXFileReference; fileEncoding = 4; lastKnownFileType = sourcecode.c.objc; path = ASIDataCompressor.m; sourceTree = "<group>"; };
		E168DA2614847ADC00380F7A /* ASIDataDecompressor.h */ = {isa = PBXFileReference; fileEncoding = 4; lastKnownFileType = sourcecode.c.h; path = ASIDataDecompressor.h; sourceTree = "<group>"; };
		E168DA2714847ADC00380F7A /* ASIDataDecompressor.m */ = {isa = PBXFileReference; fileEncoding = 4; lastKnownFileType = sourcecode.c.objc; path = ASIDataDecompressor.m; sourceTree = "<group>"; };
		E168DA2814847ADC00380F7A /* ASIDownloadCache.h */ = {isa = PBXFileReference; fileEncoding = 4; lastKnownFileType = sourcecode.c.h; path = ASIDownloadCache.h; sourceTree = "<group>"; };
		E168DA2914847ADC00380F7A /* ASIDownloadCache.m */ = {isa = PBXFileReference; fileEncoding = 4; lastKnownFileType = sourcecode.c.objc; path = ASIDownloadCache.m; sourceTree = "<group>"; };
		E168DA2A14847ADC00380F7A /* ASIFormDataRequest.h */ = {isa = PBXFileReference; fileEncoding = 4; lastKnownFileType = sourcecode.c.h; path = ASIFormDataRequest.h; sourceTree = "<group>"; };
		E168DA2B14847ADC00380F7A /* ASIFormDataRequest.m */ = {isa = PBXFileReference; fileEncoding = 4; lastKnownFileType = sourcecode.c.objc; path = ASIFormDataRequest.m; sourceTree = "<group>"; };
		E168DA2C14847ADC00380F7A /* ASIHTTPRequest.h */ = {isa = PBXFileReference; fileEncoding = 4; lastKnownFileType = sourcecode.c.h; path = ASIHTTPRequest.h; sourceTree = "<group>"; };
		E168DA2D14847ADC00380F7A /* ASIHTTPRequest.m */ = {isa = PBXFileReference; fileEncoding = 4; lastKnownFileType = sourcecode.c.objc; path = ASIHTTPRequest.m; sourceTree = "<group>"; };
		E168DA2E14847ADC00380F7A /* ASIHTTPRequestConfig.h */ = {isa = PBXFileReference; fileEncoding = 4; lastKnownFileType = sourcecode.c.h; path = ASIHTTPRequestConfig.h; sourceTree = "<group>"; };
		E168DA2F14847ADC00380F7A /* ASIHTTPRequestDelegate.h */ = {isa = PBXFileReference; fileEncoding = 4; lastKnownFileType = sourcecode.c.h; path = ASIHTTPRequestDelegate.h; sourceTree = "<group>"; };
		E168DA3014847ADC00380F7A /* ASIInputStream.h */ = {isa = PBXFileReference; fileEncoding = 4; lastKnownFileType = sourcecode.c.h; path = ASIInputStream.h; sourceTree = "<group>"; };
		E168DA3114847ADC00380F7A /* ASIInputStream.m */ = {isa = PBXFileReference; fileEncoding = 4; lastKnownFileType = sourcecode.c.objc; path = ASIInputStream.m; sourceTree = "<group>"; };
		E168DA3214847ADC00380F7A /* ASINetworkQueue.h */ = {isa = PBXFileReference; fileEncoding = 4; lastKnownFileType = sourcecode.c.h; path = ASINetworkQueue.h; sourceTree = "<group>"; };
		E168DA3314847ADC00380F7A /* ASINetworkQueue.m */ = {isa = PBXFileReference; fileEncoding = 4; lastKnownFileType = sourcecode.c.objc; path = ASINetworkQueue.m; sourceTree = "<group>"; };
		E168DA3414847ADC00380F7A /* ASIProgressDelegate.h */ = {isa = PBXFileReference; fileEncoding = 4; lastKnownFileType = sourcecode.c.h; path = ASIProgressDelegate.h; sourceTree = "<group>"; };
		E168DA3614847ADC00380F7A /* ASIWebPageRequest.h */ = {isa = PBXFileReference; fileEncoding = 4; lastKnownFileType = sourcecode.c.h; path = ASIWebPageRequest.h; sourceTree = "<group>"; };
		E168DA3714847ADC00380F7A /* ASIWebPageRequest.m */ = {isa = PBXFileReference; fileEncoding = 4; lastKnownFileType = sourcecode.c.objc; path = ASIWebPageRequest.m; sourceTree = "<group>"; };
		E168DA3914847ADC00380F7A /* ASICloudFilesCDNRequest.h */ = {isa = PBXFileReference; fileEncoding = 4; lastKnownFileType = sourcecode.c.h; path = ASICloudFilesCDNRequest.h; sourceTree = "<group>"; };
		E168DA3A14847ADC00380F7A /* ASICloudFilesCDNRequest.m */ = {isa = PBXFileReference; fileEncoding = 4; lastKnownFileType = sourcecode.c.objc; path = ASICloudFilesCDNRequest.m; sourceTree = "<group>"; };
		E168DA3B14847ADC00380F7A /* ASICloudFilesContainer.h */ = {isa = PBXFileReference; fileEncoding = 4; lastKnownFileType = sourcecode.c.h; path = ASICloudFilesContainer.h; sourceTree = "<group>"; };
		E168DA3C14847ADC00380F7A /* ASICloudFilesContainer.m */ = {isa = PBXFileReference; fileEncoding = 4; lastKnownFileType = sourcecode.c.objc; path = ASICloudFilesContainer.m; sourceTree = "<group>"; };
		E168DA3D14847ADC00380F7A /* ASICloudFilesContainerRequest.h */ = {isa = PBXFileReference; fileEncoding = 4; lastKnownFileType = sourcecode.c.h; path = ASICloudFilesContainerRequest.h; sourceTree = "<group>"; };
		E168DA3E14847ADC00380F7A /* ASICloudFilesContainerRequest.m */ = {isa = PBXFileReference; fileEncoding = 4; lastKnownFileType = sourcecode.c.objc; path = ASICloudFilesContainerRequest.m; sourceTree = "<group>"; };
		E168DA3F14847ADC00380F7A /* ASICloudFilesContainerXMLParserDelegate.h */ = {isa = PBXFileReference; fileEncoding = 4; lastKnownFileType = sourcecode.c.h; path = ASICloudFilesContainerXMLParserDelegate.h; sourceTree = "<group>"; };
		E168DA4014847ADC00380F7A /* ASICloudFilesContainerXMLParserDelegate.m */ = {isa = PBXFileReference; fileEncoding = 4; lastKnownFileType = sourcecode.c.objc; path = ASICloudFilesContainerXMLParserDelegate.m; sourceTree = "<group>"; };
		E168DA4114847ADC00380F7A /* ASICloudFilesObject.h */ = {isa = PBXFileReference; fileEncoding = 4; lastKnownFileType = sourcecode.c.h; path = ASICloudFilesObject.h; sourceTree = "<group>"; };
		E168DA4214847ADC00380F7A /* ASICloudFilesObject.m */ = {isa = PBXFileReference; fileEncoding = 4; lastKnownFileType = sourcecode.c.objc; path = ASICloudFilesObject.m; sourceTree = "<group>"; };
		E168DA4314847ADC00380F7A /* ASICloudFilesObjectRequest.h */ = {isa = PBXFileReference; fileEncoding = 4; lastKnownFileType = sourcecode.c.h; path = ASICloudFilesObjectRequest.h; sourceTree = "<group>"; };
		E168DA4414847ADC00380F7A /* ASICloudFilesObjectRequest.m */ = {isa = PBXFileReference; fileEncoding = 4; lastKnownFileType = sourcecode.c.objc; path = ASICloudFilesObjectRequest.m; sourceTree = "<group>"; };
		E168DA4514847ADC00380F7A /* ASICloudFilesRequest.h */ = {isa = PBXFileReference; fileEncoding = 4; lastKnownFileType = sourcecode.c.h; path = ASICloudFilesRequest.h; sourceTree = "<group>"; };
		E168DA4614847ADC00380F7A /* ASICloudFilesRequest.m */ = {isa = PBXFileReference; fileEncoding = 4; lastKnownFileType = sourcecode.c.objc; path = ASICloudFilesRequest.m; sourceTree = "<group>"; };
		E168DA4814847ADC00380F7A /* ASINSXMLParserCompat.h */ = {isa = PBXFileReference; fileEncoding = 4; lastKnownFileType = sourcecode.c.h; path = ASINSXMLParserCompat.h; sourceTree = "<group>"; };
		E168DA4914847ADC00380F7A /* ASIS3Bucket.h */ = {isa = PBXFileReference; fileEncoding = 4; lastKnownFileType = sourcecode.c.h; path = ASIS3Bucket.h; sourceTree = "<group>"; };
		E168DA4A14847ADC00380F7A /* ASIS3Bucket.m */ = {isa = PBXFileReference; fileEncoding = 4; lastKnownFileType = sourcecode.c.objc; path = ASIS3Bucket.m; sourceTree = "<group>"; };
		E168DA4B14847ADC00380F7A /* ASIS3BucketObject.h */ = {isa = PBXFileReference; fileEncoding = 4; lastKnownFileType = sourcecode.c.h; path = ASIS3BucketObject.h; sourceTree = "<group>"; };
		E168DA4C14847ADC00380F7A /* ASIS3BucketObject.m */ = {isa = PBXFileReference; fileEncoding = 4; lastKnownFileType = sourcecode.c.objc; path = ASIS3BucketObject.m; sourceTree = "<group>"; };
		E168DA4D14847ADC00380F7A /* ASIS3BucketRequest.h */ = {isa = PBXFileReference; fileEncoding = 4; lastKnownFileType = sourcecode.c.h; path = ASIS3BucketRequest.h; sourceTree = "<group>"; };
		E168DA4E14847ADC00380F7A /* ASIS3BucketRequest.m */ = {isa = PBXFileReference; fileEncoding = 4; lastKnownFileType = sourcecode.c.objc; path = ASIS3BucketRequest.m; sourceTree = "<group>"; };
		E168DA4F14847ADC00380F7A /* ASIS3ObjectRequest.h */ = {isa = PBXFileReference; fileEncoding = 4; lastKnownFileType = sourcecode.c.h; path = ASIS3ObjectRequest.h; sourceTree = "<group>"; };
		E168DA5014847ADC00380F7A /* ASIS3ObjectRequest.m */ = {isa = PBXFileReference; fileEncoding = 4; lastKnownFileType = sourcecode.c.objc; path = ASIS3ObjectRequest.m; sourceTree = "<group>"; };
		E168DA5114847ADC00380F7A /* ASIS3Request.h */ = {isa = PBXFileReference; fileEncoding = 4; lastKnownFileType = sourcecode.c.h; path = ASIS3Request.h; sourceTree = "<group>"; };
		E168DA5214847ADC00380F7A /* ASIS3Request.m */ = {isa = PBXFileReference; fileEncoding = 4; lastKnownFileType = sourcecode.c.objc; path = ASIS3Request.m; sourceTree = "<group>"; };
		E168DA5314847ADC00380F7A /* ASIS3ServiceRequest.h */ = {isa = PBXFileReference; fileEncoding = 4; lastKnownFileType = sourcecode.c.h; path = ASIS3ServiceRequest.h; sourceTree = "<group>"; };
		E168DA5414847ADC00380F7A /* ASIS3ServiceRequest.m */ = {isa = PBXFileReference; fileEncoding = 4; lastKnownFileType = sourcecode.c.objc; path = ASIS3ServiceRequest.m; sourceTree = "<group>"; };
		E168DA871484817B00380F7A /* IEKBase64.h */ = {isa = PBXFileReference; fileEncoding = 4; lastKnownFileType = sourcecode.c.h; path = IEKBase64.h; sourceTree = "<group>"; };
		E168DA881484817B00380F7A /* IEKBase64.m */ = {isa = PBXFileReference; fileEncoding = 4; lastKnownFileType = sourcecode.c.objc; path = IEKBase64.m; sourceTree = "<group>"; };
		E168DA891484817B00380F7A /* IEKColorManager.h */ = {isa = PBXFileReference; fileEncoding = 4; lastKnownFileType = sourcecode.c.h; path = IEKColorManager.h; sourceTree = "<group>"; };
		E168DA8A1484817B00380F7A /* IEKColorManager.m */ = {isa = PBXFileReference; fileEncoding = 4; lastKnownFileType = sourcecode.c.objc; path = IEKColorManager.m; sourceTree = "<group>"; };
		E168DA8B1484817B00380F7A /* IEKDateTimeHelper.h */ = {isa = PBXFileReference; fileEncoding = 4; lastKnownFileType = sourcecode.c.h; path = IEKDateTimeHelper.h; sourceTree = "<group>"; };
		E168DA8C1484817B00380F7A /* IEKDateTimeHelper.m */ = {isa = PBXFileReference; fileEncoding = 4; lastKnownFileType = sourcecode.c.objc; path = IEKDateTimeHelper.m; sourceTree = "<group>"; };
		E168DA8D1484817B00380F7A /* IEKDigest.h */ = {isa = PBXFileReference; fileEncoding = 4; lastKnownFileType = sourcecode.c.h; path = IEKDigest.h; sourceTree = "<group>"; };
		E168DA8E1484817B00380F7A /* IEKDigest.m */ = {isa = PBXFileReference; fileEncoding = 4; lastKnownFileType = sourcecode.c.objc; path = IEKDigest.m; sourceTree = "<group>"; };
		E168DA8F1484817B00380F7A /* IEKFontManager.h */ = {isa = PBXFileReference; fileEncoding = 4; lastKnownFileType = sourcecode.c.h; path = IEKFontManager.h; sourceTree = "<group>"; };
		E168DA901484817B00380F7A /* IEKFontManager.m */ = {isa = PBXFileReference; fileEncoding = 4; lastKnownFileType = sourcecode.c.objc; path = IEKFontManager.m; sourceTree = "<group>"; };
		E168DA911484817B00380F7A /* IEKHmac.h */ = {isa = PBXFileReference; fileEncoding = 4; lastKnownFileType = sourcecode.c.h; path = IEKHmac.h; sourceTree = "<group>"; };
		E168DA921484817B00380F7A /* IEKHmac.m */ = {isa = PBXFileReference; fileEncoding = 4; lastKnownFileType = sourcecode.c.objc; path = IEKHmac.m; sourceTree = "<group>"; };
		E19D95D61484A38700C24253 /* DONORS */ = {isa = PBXFileReference; fileEncoding = 4; lastKnownFileType = text; path = DONORS; sourceTree = "<group>"; };
		E19D95D91484A38700C24253 /* README-GHUnit */ = {isa = PBXFileReference; fileEncoding = 4; lastKnownFileType = text; path = "README-GHUnit"; sourceTree = "<group>"; };
		E19D95DB1484A38700C24253 /* Reachability.h */ = {isa = PBXFileReference; fileEncoding = 4; lastKnownFileType = sourcecode.c.h; path = Reachability.h; sourceTree = "<group>"; };
		E19D95DC1484A38700C24253 /* Reachability.m */ = {isa = PBXFileReference; fileEncoding = 4; lastKnownFileType = sourcecode.c.objc; path = Reachability.m; sourceTree = "<group>"; };
		E19D95DD1484A38700C24253 /* LICENSE */ = {isa = PBXFileReference; fileEncoding = 4; lastKnownFileType = text; path = LICENSE; sourceTree = "<group>"; };
		E19D95DE1484A38700C24253 /* README.textile */ = {isa = PBXFileReference; fileEncoding = 4; lastKnownFileType = text; path = README.textile; sourceTree = "<group>"; };
		E19D95E31484A43600C24253 /* CHANGELOG.md */ = {isa = PBXFileReference; fileEncoding = 4; lastKnownFileType = text; path = CHANGELOG.md; sourceTree = "<group>"; };
		E19D95E41484A43600C24253 /* JSONKit.h */ = {isa = PBXFileReference; fileEncoding = 4; lastKnownFileType = sourcecode.c.h; path = JSONKit.h; sourceTree = "<group>"; };
		E19D95E51484A43600C24253 /* JSONKit.m */ = {isa = PBXFileReference; fileEncoding = 4; lastKnownFileType = sourcecode.c.objc; path = JSONKit.m; sourceTree = "<group>"; };
		E19D95E61484A43600C24253 /* README.md */ = {isa = PBXFileReference; fileEncoding = 4; lastKnownFileType = text; path = README.md; sourceTree = "<group>"; };
		E19D95E91484A48900C24253 /* JSONKitTests.h */ = {isa = PBXFileReference; fileEncoding = 4; lastKnownFileType = sourcecode.c.h; path = JSONKitTests.h; sourceTree = "<group>"; };
		E19D95EA1484A48900C24253 /* JSONKitTests.m */ = {isa = PBXFileReference; fileEncoding = 4; lastKnownFileType = sourcecode.c.objc; path = JSONKitTests.m; sourceTree = "<group>"; };
		E19D95ED1484A57400C24253 /* libxml2.dylib */ = {isa = PBXFileReference; lastKnownFileType = "compiled.mach-o.dylib"; name = libxml2.dylib; path = usr/lib/libxml2.dylib; sourceTree = SDKROOT; };
		E19D95F31484AB6600C24253 /* libz.dylib */ = {isa = PBXFileReference; lastKnownFileType = "compiled.mach-o.dylib"; name = libz.dylib; path = usr/lib/libz.dylib; sourceTree = SDKROOT; };
		E19D95F61484ACCD00C24253 /* CFNetwork.framework */ = {isa = PBXFileReference; lastKnownFileType = wrapper.framework; name = CFNetwork.framework; path = System/Library/Frameworks/CFNetwork.framework; sourceTree = SDKROOT; };
		E19D95FD1484B19700C24253 /* SystemConfiguration.framework */ = {isa = PBXFileReference; lastKnownFileType = wrapper.framework; name = SystemConfiguration.framework; path = System/Library/Frameworks/SystemConfiguration.framework; sourceTree = SDKROOT; };
		E19D96001484B26300C24253 /* MobileCoreServices.framework */ = {isa = PBXFileReference; lastKnownFileType = wrapper.framework; name = MobileCoreServices.framework; path = System/Library/Frameworks/MobileCoreServices.framework; sourceTree = SDKROOT; };
		E1C0B8DE14833ADE00FCB2B1 /* UIDevice+IEK.h */ = {isa = PBXFileReference; fileEncoding = 4; lastKnownFileType = sourcecode.c.h; path = "UIDevice+IEK.h"; sourceTree = "<group>"; };
		E1C0B8DF14833ADE00FCB2B1 /* UIDevice+IEK.m */ = {isa = PBXFileReference; fileEncoding = 4; lastKnownFileType = sourcecode.c.objc; path = "UIDevice+IEK.m"; sourceTree = "<group>"; };
		E1C735AD1406A8440048FF8B /* CoreGraphics.framework */ = {isa = PBXFileReference; lastKnownFileType = wrapper.framework; name = CoreGraphics.framework; path = System/Library/Frameworks/CoreGraphics.framework; sourceTree = SDKROOT; };
		E1C735AF1406A86B0048FF8B /* UIKit.framework */ = {isa = PBXFileReference; lastKnownFileType = wrapper.framework; name = UIKit.framework; path = System/Library/Frameworks/UIKit.framework; sourceTree = SDKROOT; };
		E1E6138A140674D7007BC75C /* NSDate+IEK.h */ = {isa = PBXFileReference; fileEncoding = 4; lastKnownFileType = sourcecode.c.h; path = "NSDate+IEK.h"; sourceTree = "<group>"; };
		E1E6138B140674D7007BC75C /* NSDate+IEK.m */ = {isa = PBXFileReference; fileEncoding = 4; lastKnownFileType = sourcecode.c.objc; path = "NSDate+IEK.m"; sourceTree = "<group>"; };
		E1EA2973140D1F9D009333F4 /* NSDictionary+IEK.h */ = {isa = PBXFileReference; fileEncoding = 4; lastKnownFileType = sourcecode.c.h; path = "NSDictionary+IEK.h"; sourceTree = "<group>"; };
		E1EA2974140D1F9D009333F4 /* NSDictionary+IEK.m */ = {isa = PBXFileReference; fileEncoding = 4; lastKnownFileType = sourcecode.c.objc; path = "NSDictionary+IEK.m"; sourceTree = "<group>"; };
		E1EA2978140D1FF7009333F4 /* IEKObject.h */ = {isa = PBXFileReference; fileEncoding = 4; lastKnownFileType = sourcecode.c.h; path = IEKObject.h; sourceTree = "<group>"; };
		E1EA2979140D1FF7009333F4 /* IEKObject.m */ = {isa = PBXFileReference; fileEncoding = 4; lastKnownFileType = sourcecode.c.objc; path = IEKObject.m; sourceTree = "<group>"; };
		E1EBF401140E5EDC00B7FEF4 /* IEKObjectTests.h */ = {isa = PBXFileReference; fileEncoding = 4; lastKnownFileType = sourcecode.c.h; path = IEKObjectTests.h; sourceTree = "<group>"; };
		E1EBF402140E5EDC00B7FEF4 /* IEKObjectTests.m */ = {isa = PBXFileReference; fileEncoding = 4; lastKnownFileType = sourcecode.c.objc; path = IEKObjectTests.m; sourceTree = "<group>"; };
		E1F02A591409165C000610A7 /* IEKCodingTests.h */ = {isa = PBXFileReference; fileEncoding = 4; lastKnownFileType = sourcecode.c.h; path = IEKCodingTests.h; sourceTree = "<group>"; };
		E1F02A5A1409165C000610A7 /* IEKCodingTests.m */ = {isa = PBXFileReference; fileEncoding = 4; lastKnownFileType = sourcecode.c.objc; path = IEKCodingTests.m; sourceTree = "<group>"; };
		E1F02A651409D417000610A7 /* UIFont+IEK.h */ = {isa = PBXFileReference; fileEncoding = 4; lastKnownFileType = sourcecode.c.h; path = "UIFont+IEK.h"; sourceTree = "<group>"; };
		E1F02A661409D417000610A7 /* UIFont+IEK.m */ = {isa = PBXFileReference; fileEncoding = 4; lastKnownFileType = sourcecode.c.objc; path = "UIFont+IEK.m"; sourceTree = "<group>"; };
		E1F02A6B1409D719000610A7 /* UIColor+IEK.h */ = {isa = PBXFileReference; fileEncoding = 4; lastKnownFileType = sourcecode.c.h; path = "UIColor+IEK.h"; sourceTree = "<group>"; };
		E1F02A6C1409D719000610A7 /* UIColor+IEK.m */ = {isa = PBXFileReference; fileEncoding = 4; lastKnownFileType = sourcecode.c.objc; path = "UIColor+IEK.m"; sourceTree = "<group>"; };
/* End PBXFileReference section */

/* Begin PBXFrameworksBuildPhase section */
		E11546741405319700DB7F8D /* Frameworks */ = {
			isa = PBXFrameworksBuildPhase;
			buildActionMask = 2147483647;
			files = (
				E19D96011484B26300C24253 /* MobileCoreServices.framework in Frameworks */,
				E19D95FE1484B19700C24253 /* SystemConfiguration.framework in Frameworks */,
				E19D95F71484ACCD00C24253 /* CFNetwork.framework in Frameworks */,
				E19D95F41484AB6600C24253 /* libz.dylib in Frameworks */,
				E19D95EE1484A57400C24253 /* libxml2.dylib in Frameworks */,
				E1C735B01406A86B0048FF8B /* UIKit.framework in Frameworks */,
				E1C735AE1406A8440048FF8B /* CoreGraphics.framework in Frameworks */,
				E115467B1405319700DB7F8D /* Foundation.framework in Frameworks */,
			);
			runOnlyForDeploymentPostprocessing = 0;
		};
		E11546831405319700DB7F8D /* Frameworks */ = {
			isa = PBXFrameworksBuildPhase;
			buildActionMask = 2147483647;
			files = (
				E11546891405319700DB7F8D /* SenTestingKit.framework in Frameworks */,
				E115468C1405319700DB7F8D /* Foundation.framework in Frameworks */,
				E11546911405319700DB7F8D /* libiOSEasyKit.a in Frameworks */,
				E19D95EF1484A57B00C24253 /* libxml2.dylib in Frameworks */,
				E19D95F11484A93400C24253 /* UIKit.framework in Frameworks */,
				E19D95F21484A94E00C24253 /* CoreGraphics.framework in Frameworks */,
				E19D95F51484AB7700C24253 /* libz.dylib in Frameworks */,
				E19D95F81484ACD000C24253 /* CFNetwork.framework in Frameworks */,
				E19D95FF1484B1AB00C24253 /* SystemConfiguration.framework in Frameworks */,
				E19D96021484B26700C24253 /* MobileCoreServices.framework in Frameworks */,
			);
			runOnlyForDeploymentPostprocessing = 0;
		};
/* End PBXFrameworksBuildPhase section */

/* Begin PBXGroup section */
		E115466C1405319700DB7F8D = {
			isa = PBXGroup;
			children = (
				E19D95E21484A3DB00C24253 /* JSONKit */,
				E168DA20148479A000380F7A /* ASIHttpRequest */,
				E115467C1405319700DB7F8D /* iOS Easy Kit */,
				E11546921405319700DB7F8D /* iOS Easy KitTests */,
				E11546791405319700DB7F8D /* Frameworks */,
				E11546781405319700DB7F8D /* Products */,
			);
			sourceTree = "<group>";
		};
		E11546781405319700DB7F8D /* Products */ = {
			isa = PBXGroup;
			children = (
				E11546771405319700DB7F8D /* libiOSEasyKit.a */,
				E11546871405319700DB7F8D /* iOS Easy KitTests.octest */,
			);
			name = Products;
			sourceTree = "<group>";
		};
		E11546791405319700DB7F8D /* Frameworks */ = {
			isa = PBXGroup;
			children = (
				E19D95F31484AB6600C24253 /* libz.dylib */,
				E19D95ED1484A57400C24253 /* libxml2.dylib */,
				E19D96001484B26300C24253 /* MobileCoreServices.framework */,
				E19D95FD1484B19700C24253 /* SystemConfiguration.framework */,
				E19D95F61484ACCD00C24253 /* CFNetwork.framework */,
				E1C735AF1406A86B0048FF8B /* UIKit.framework */,
				E1C735AD1406A8440048FF8B /* CoreGraphics.framework */,
				E115467A1405319700DB7F8D /* Foundation.framework */,
				E11546881405319700DB7F8D /* SenTestingKit.framework */,
			);
			name = Frameworks;
			sourceTree = "<group>";
		};
		E115467C1405319700DB7F8D /* iOS Easy Kit */ = {
			isa = PBXGroup;
			children = (
				E168DA861484807C00380F7A /* Utility */,
				E168DA1F148478D400380F7A /* Web */,
				E11546A814054B3500DB7F8D /* Category */,
				E115467F1405319700DB7F8D /* iOSEasyKit.h */,
				E1EA2978140D1FF7009333F4 /* IEKObject.h */,
				E1EA2979140D1FF7009333F4 /* IEKObject.m */,
				E115467D1405319700DB7F8D /* Supporting Files */,
			);
			path = "iOS Easy Kit";
			sourceTree = "<group>";
		};
		E115467D1405319700DB7F8D /* Supporting Files */ = {
			isa = PBXGroup;
			children = (
				E115467E1405319700DB7F8D /* iOS Easy Kit-Prefix.pch */,
			);
			name = "Supporting Files";
			sourceTree = "<group>";
		};
		E11546921405319700DB7F8D /* iOS Easy KitTests */ = {
			isa = PBXGroup;
			children = (
				E1F02A591409165C000610A7 /* IEKCodingTests.h */,
				E1F02A5A1409165C000610A7 /* IEKCodingTests.m */,
				E11546981405319700DB7F8D /* IEKCryptoTests.h */,
				E115469A1405319700DB7F8D /* IEKCryptoTests.m */,
				E1EBF401140E5EDC00B7FEF4 /* IEKObjectTests.h */,
				E1EBF402140E5EDC00B7FEF4 /* IEKObjectTests.m */,
				E11546931405319700DB7F8D /* Supporting Files */,
				E19D95E91484A48900C24253 /* JSONKitTests.h */,
				E19D95EA1484A48900C24253 /* JSONKitTests.m */,
			);
			path = "iOS Easy KitTests";
			sourceTree = "<group>";
		};
		E11546931405319700DB7F8D /* Supporting Files */ = {
			isa = PBXGroup;
			children = (
				E11546941405319700DB7F8D /* iOS Easy KitTests-Info.plist */,
				E11546951405319700DB7F8D /* InfoPlist.strings */,
			);
			name = "Supporting Files";
			sourceTree = "<group>";
		};
		E11546A814054B3500DB7F8D /* Category */ = {
			isa = PBXGroup;
			children = (
				E11546A414054B0E00DB7F8D /* NSString+IEK.h */,
				E11546A514054B0E00DB7F8D /* NSString+IEK.m */,
				E1E6138A140674D7007BC75C /* NSDate+IEK.h */,
				E1E6138B140674D7007BC75C /* NSDate+IEK.m */,
				E1F02A651409D417000610A7 /* UIFont+IEK.h */,
				E1F02A661409D417000610A7 /* UIFont+IEK.m */,
				E1F02A6B1409D719000610A7 /* UIColor+IEK.h */,
				E1F02A6C1409D719000610A7 /* UIColor+IEK.m */,
				E1EA2973140D1F9D009333F4 /* NSDictionary+IEK.h */,
				E1EA2974140D1F9D009333F4 /* NSDictionary+IEK.m */,
				E1C0B8DE14833ADE00FCB2B1 /* UIDevice+IEK.h */,
				E1C0B8DF14833ADE00FCB2B1 /* UIDevice+IEK.m */,
			);
			path = Category;
			sourceTree = "<group>";
		};
		E168DA1F148478D400380F7A /* Web */ = {
			isa = PBXGroup;
			children = (
			);
			path = Web;
			sourceTree = "<group>";
		};
		E168DA20148479A000380F7A /* ASIHttpRequest */ = {
			isa = PBXGroup;
			children = (
				E19D95D61484A38700C24253 /* DONORS */,
				E19D95D71484A38700C24253 /* External */,
				E19D95DD1484A38700C24253 /* LICENSE */,
				E19D95DE1484A38700C24253 /* README.textile */,
				E168DA2114847ADC00380F7A /* ASIAuthenticationDialog.h */,
				E168DA2214847ADC00380F7A /* ASIAuthenticationDialog.m */,
				E168DA2314847ADC00380F7A /* ASICacheDelegate.h */,
				E168DA2414847ADC00380F7A /* ASIDataCompressor.h */,
				E168DA2514847ADC00380F7A /* ASIDataCompressor.m */,
				E168DA2614847ADC00380F7A /* ASIDataDecompressor.h */,
				E168DA2714847ADC00380F7A /* ASIDataDecompressor.m */,
				E168DA2814847ADC00380F7A /* ASIDownloadCache.h */,
				E168DA2914847ADC00380F7A /* ASIDownloadCache.m */,
				E168DA2A14847ADC00380F7A /* ASIFormDataRequest.h */,
				E168DA2B14847ADC00380F7A /* ASIFormDataRequest.m */,
				E168DA2C14847ADC00380F7A /* ASIHTTPRequest.h */,
				E168DA2D14847ADC00380F7A /* ASIHTTPRequest.m */,
				E168DA2E14847ADC00380F7A /* ASIHTTPRequestConfig.h */,
				E168DA2F14847ADC00380F7A /* ASIHTTPRequestDelegate.h */,
				E168DA3014847ADC00380F7A /* ASIInputStream.h */,
				E168DA3114847ADC00380F7A /* ASIInputStream.m */,
				E168DA3214847ADC00380F7A /* ASINetworkQueue.h */,
				E168DA3314847ADC00380F7A /* ASINetworkQueue.m */,
				E168DA3414847ADC00380F7A /* ASIProgressDelegate.h */,
				E168DA3514847ADC00380F7A /* ASIWebPageRequest */,
				E168DA3814847ADC00380F7A /* CloudFiles */,
				E168DA4714847ADC00380F7A /* S3 */,
			);
			path = ASIHttpRequest;
			sourceTree = "<group>";
		};
		E168DA3514847ADC00380F7A /* ASIWebPageRequest */ = {
			isa = PBXGroup;
			children = (
				E168DA3614847ADC00380F7A /* ASIWebPageRequest.h */,
				E168DA3714847ADC00380F7A /* ASIWebPageRequest.m */,
			);
			path = ASIWebPageRequest;
			sourceTree = "<group>";
		};
		E168DA3814847ADC00380F7A /* CloudFiles */ = {
			isa = PBXGroup;
			children = (
				E168DA3914847ADC00380F7A /* ASICloudFilesCDNRequest.h */,
				E168DA3A14847ADC00380F7A /* ASICloudFilesCDNRequest.m */,
				E168DA3B14847ADC00380F7A /* ASICloudFilesContainer.h */,
				E168DA3C14847ADC00380F7A /* ASICloudFilesContainer.m */,
				E168DA3D14847ADC00380F7A /* ASICloudFilesContainerRequest.h */,
				E168DA3E14847ADC00380F7A /* ASICloudFilesContainerRequest.m */,
				E168DA3F14847ADC00380F7A /* ASICloudFilesContainerXMLParserDelegate.h */,
				E168DA4014847ADC00380F7A /* ASICloudFilesContainerXMLParserDelegate.m */,
				E168DA4114847ADC00380F7A /* ASICloudFilesObject.h */,
				E168DA4214847ADC00380F7A /* ASICloudFilesObject.m */,
				E168DA4314847ADC00380F7A /* ASICloudFilesObjectRequest.h */,
				E168DA4414847ADC00380F7A /* ASICloudFilesObjectRequest.m */,
				E168DA4514847ADC00380F7A /* ASICloudFilesRequest.h */,
				E168DA4614847ADC00380F7A /* ASICloudFilesRequest.m */,
			);
			path = CloudFiles;
			sourceTree = "<group>";
		};
		E168DA4714847ADC00380F7A /* S3 */ = {
			isa = PBXGroup;
			children = (
				E168DA4814847ADC00380F7A /* ASINSXMLParserCompat.h */,
				E168DA4914847ADC00380F7A /* ASIS3Bucket.h */,
				E168DA4A14847ADC00380F7A /* ASIS3Bucket.m */,
				E168DA4B14847ADC00380F7A /* ASIS3BucketObject.h */,
				E168DA4C14847ADC00380F7A /* ASIS3BucketObject.m */,
				E168DA4D14847ADC00380F7A /* ASIS3BucketRequest.h */,
				E168DA4E14847ADC00380F7A /* ASIS3BucketRequest.m */,
				E168DA4F14847ADC00380F7A /* ASIS3ObjectRequest.h */,
				E168DA5014847ADC00380F7A /* ASIS3ObjectRequest.m */,
				E168DA5114847ADC00380F7A /* ASIS3Request.h */,
				E168DA5214847ADC00380F7A /* ASIS3Request.m */,
				E168DA5314847ADC00380F7A /* ASIS3ServiceRequest.h */,
				E168DA5414847ADC00380F7A /* ASIS3ServiceRequest.m */,
			);
			path = S3;
			sourceTree = "<group>";
		};
		E168DA861484807C00380F7A /* Utility */ = {
			isa = PBXGroup;
			children = (
				E168DA871484817B00380F7A /* IEKBase64.h */,
				E168DA881484817B00380F7A /* IEKBase64.m */,
				E168DA891484817B00380F7A /* IEKColorManager.h */,
				E168DA8A1484817B00380F7A /* IEKColorManager.m */,
				E168DA8B1484817B00380F7A /* IEKDateTimeHelper.h */,
				E168DA8C1484817B00380F7A /* IEKDateTimeHelper.m */,
				E168DA8D1484817B00380F7A /* IEKDigest.h */,
				E168DA8E1484817B00380F7A /* IEKDigest.m */,
				E168DA8F1484817B00380F7A /* IEKFontManager.h */,
				E168DA901484817B00380F7A /* IEKFontManager.m */,
				E168DA911484817B00380F7A /* IEKHmac.h */,
				E168DA921484817B00380F7A /* IEKHmac.m */,
			);
			path = Utility;
			sourceTree = "<group>";
		};
		E19D95D71484A38700C24253 /* External */ = {
			isa = PBXGroup;
			children = (
				E19D95D81484A38700C24253 /* GHUnit */,
				E19D95DA1484A38700C24253 /* Reachability */,
			);
			path = External;
			sourceTree = "<group>";
		};
		E19D95D81484A38700C24253 /* GHUnit */ = {
			isa = PBXGroup;
			children = (
				E19D95D91484A38700C24253 /* README-GHUnit */,
			);
			path = GHUnit;
			sourceTree = "<group>";
		};
		E19D95DA1484A38700C24253 /* Reachability */ = {
			isa = PBXGroup;
			children = (
				E19D95DB1484A38700C24253 /* Reachability.h */,
				E19D95DC1484A38700C24253 /* Reachability.m */,
			);
			path = Reachability;
			sourceTree = "<group>";
		};
		E19D95E21484A3DB00C24253 /* JSONKit */ = {
			isa = PBXGroup;
			children = (
				E19D95E31484A43600C24253 /* CHANGELOG.md */,
				E19D95E41484A43600C24253 /* JSONKit.h */,
				E19D95E51484A43600C24253 /* JSONKit.m */,
				E19D95E61484A43600C24253 /* README.md */,
			);
			path = JSONKit;
			sourceTree = "<group>";
		};
/* End PBXGroup section */

/* Begin PBXHeadersBuildPhase section */
		E11546751405319700DB7F8D /* Headers */ = {
			isa = PBXHeadersBuildPhase;
			buildActionMask = 2147483647;
			files = (
				E11546A614054B0E00DB7F8D /* NSString+IEK.h in Headers */,
				E1E6138C140674D7007BC75C /* NSDate+IEK.h in Headers */,
				E1F02A5B1409165C000610A7 /* IEKCodingTests.h in Headers */,
				E1F02A671409D417000610A7 /* UIFont+IEK.h in Headers */,
				E1F02A6D1409D719000610A7 /* UIColor+IEK.h in Headers */,
				E1EA2975140D1F9D009333F4 /* NSDictionary+IEK.h in Headers */,
				E1EA297A140D1FF7009333F4 /* IEKObject.h in Headers */,
				E1C0B8E014833ADE00FCB2B1 /* UIDevice+IEK.h in Headers */,
				E168DA5514847ADC00380F7A /* ASIAuthenticationDialog.h in Headers */,
				E168DA5714847ADC00380F7A /* ASICacheDelegate.h in Headers */,
				E168DA5814847ADC00380F7A /* ASIDataCompressor.h in Headers */,
				E168DA5A14847ADC00380F7A /* ASIDataDecompressor.h in Headers */,
				E168DA5C14847ADC00380F7A /* ASIDownloadCache.h in Headers */,
				E168DA5E14847ADC00380F7A /* ASIFormDataRequest.h in Headers */,
				E168DA6014847ADC00380F7A /* ASIHTTPRequest.h in Headers */,
				E168DA6214847ADC00380F7A /* ASIHTTPRequestConfig.h in Headers */,
				E168DA6314847ADC00380F7A /* ASIHTTPRequestDelegate.h in Headers */,
				E168DA6414847ADC00380F7A /* ASIInputStream.h in Headers */,
				E168DA6614847ADC00380F7A /* ASINetworkQueue.h in Headers */,
				E168DA6814847ADC00380F7A /* ASIProgressDelegate.h in Headers */,
				E168DA6914847ADC00380F7A /* ASIWebPageRequest.h in Headers */,
				E168DA6B14847ADC00380F7A /* ASICloudFilesCDNRequest.h in Headers */,
				E168DA6D14847ADC00380F7A /* ASICloudFilesContainer.h in Headers */,
				E168DA6F14847ADC00380F7A /* ASICloudFilesContainerRequest.h in Headers */,
				E168DA7114847ADC00380F7A /* ASICloudFilesContainerXMLParserDelegate.h in Headers */,
				E168DA7314847ADC00380F7A /* ASICloudFilesObject.h in Headers */,
				E168DA7514847ADC00380F7A /* ASICloudFilesObjectRequest.h in Headers */,
				E168DA7714847ADC00380F7A /* ASICloudFilesRequest.h in Headers */,
				E168DA7914847ADC00380F7A /* ASINSXMLParserCompat.h in Headers */,
				E168DA7A14847ADC00380F7A /* ASIS3Bucket.h in Headers */,
				E168DA7C14847ADC00380F7A /* ASIS3BucketObject.h in Headers */,
				E168DA7E14847ADC00380F7A /* ASIS3BucketRequest.h in Headers */,
				E168DA8014847ADC00380F7A /* ASIS3ObjectRequest.h in Headers */,
				E168DA8214847ADC00380F7A /* ASIS3Request.h in Headers */,
				E168DA8414847ADC00380F7A /* ASIS3ServiceRequest.h in Headers */,
				E168DA931484817B00380F7A /* IEKBase64.h in Headers */,
				E168DA951484817B00380F7A /* IEKColorManager.h in Headers */,
				E168DA971484817B00380F7A /* IEKDateTimeHelper.h in Headers */,
				E168DA991484817B00380F7A /* IEKDigest.h in Headers */,
				E168DA9B1484817B00380F7A /* IEKFontManager.h in Headers */,
				E168DA9D1484817B00380F7A /* IEKHmac.h in Headers */,
				E19D95DF1484A38700C24253 /* Reachability.h in Headers */,
				E19D95E71484A43600C24253 /* JSONKit.h in Headers */,
			);
			runOnlyForDeploymentPostprocessing = 0;
		};
/* End PBXHeadersBuildPhase section */

/* Begin PBXNativeTarget section */
		E11546761405319700DB7F8D /* iOS Easy Kit */ = {
			isa = PBXNativeTarget;
			buildConfigurationList = E115469E1405319700DB7F8D /* Build configuration list for PBXNativeTarget "iOS Easy Kit" */;
			buildPhases = (
				E11546731405319700DB7F8D /* Sources */,
				E11546741405319700DB7F8D /* Frameworks */,
				E11546751405319700DB7F8D /* Headers */,
			);
			buildRules = (
			);
			dependencies = (
			);
			name = "iOS Easy Kit";
			productName = "iOS Easy Kit";
			productReference = E11546771405319700DB7F8D /* libiOSEasyKit.a */;
			productType = "com.apple.product-type.library.static";
		};
		E11546861405319700DB7F8D /* iOS Easy KitTests */ = {
			isa = PBXNativeTarget;
			buildConfigurationList = E11546A11405319700DB7F8D /* Build configuration list for PBXNativeTarget "iOS Easy KitTests" */;
			buildPhases = (
				E11546821405319700DB7F8D /* Sources */,
				E11546831405319700DB7F8D /* Frameworks */,
				E11546841405319700DB7F8D /* Resources */,
				E11546851405319700DB7F8D /* ShellScript */,
			);
			buildRules = (
			);
			dependencies = (
				E11546901405319700DB7F8D /* PBXTargetDependency */,
			);
			name = "iOS Easy KitTests";
			productName = "iOS Easy KitTests";
			productReference = E11546871405319700DB7F8D /* iOS Easy KitTests.octest */;
			productType = "com.apple.product-type.bundle";
		};
/* End PBXNativeTarget section */

/* Begin PBXProject section */
		E115466E1405319700DB7F8D /* Project object */ = {
			isa = PBXProject;
			attributes = {
				LastUpgradeCheck = 0420;
			};
			buildConfigurationList = E11546711405319700DB7F8D /* Build configuration list for PBXProject "iOS Easy Kit" */;
			compatibilityVersion = "Xcode 3.2";
			developmentRegion = English;
			hasScannedForEncodings = 0;
			knownRegions = (
				en,
			);
			mainGroup = E115466C1405319700DB7F8D;
			productRefGroup = E11546781405319700DB7F8D /* Products */;
			projectDirPath = "";
			projectRoot = "";
			targets = (
				E11546761405319700DB7F8D /* iOS Easy Kit */,
				E11546861405319700DB7F8D /* iOS Easy KitTests */,
			);
		};
/* End PBXProject section */

/* Begin PBXResourcesBuildPhase section */
		E11546841405319700DB7F8D /* Resources */ = {
			isa = PBXResourcesBuildPhase;
			buildActionMask = 2147483647;
			files = (
				E11546971405319700DB7F8D /* InfoPlist.strings in Resources */,
				E11546991405319700DB7F8D /* IEKCryptoTests.h in Resources */,
			);
			runOnlyForDeploymentPostprocessing = 0;
		};
/* End PBXResourcesBuildPhase section */

/* Begin PBXShellScriptBuildPhase section */
		E11546851405319700DB7F8D /* ShellScript */ = {
			isa = PBXShellScriptBuildPhase;
			buildActionMask = 2147483647;
			files = (
			);
			inputPaths = (
			);
			outputPaths = (
			);
			runOnlyForDeploymentPostprocessing = 0;
			shellPath = /bin/sh;
			shellScript = "# Run the unit tests in this test bundle.\n\"${SYSTEM_DEVELOPER_DIR}/Tools/RunUnitTests\"\n";
		};
/* End PBXShellScriptBuildPhase section */

/* Begin PBXSourcesBuildPhase section */
		E11546731405319700DB7F8D /* Sources */ = {
			isa = PBXSourcesBuildPhase;
			buildActionMask = 2147483647;
			files = (
				E11546A714054B0E00DB7F8D /* NSString+IEK.m in Sources */,
				E1E6138D140674D7007BC75C /* NSDate+IEK.m in Sources */,
				E1F02A681409D417000610A7 /* UIFont+IEK.m in Sources */,
				E1F02A6E1409D719000610A7 /* UIColor+IEK.m in Sources */,
				E1EA2976140D1F9D009333F4 /* NSDictionary+IEK.m in Sources */,
				E1EA297B140D1FF7009333F4 /* IEKObject.m in Sources */,
				E1C0B8E114833ADE00FCB2B1 /* UIDevice+IEK.m in Sources */,
				E168DA5614847ADC00380F7A /* ASIAuthenticationDialog.m in Sources */,
				E168DA5914847ADC00380F7A /* ASIDataCompressor.m in Sources */,
				E168DA5B14847ADC00380F7A /* ASIDataDecompressor.m in Sources */,
				E168DA5D14847ADC00380F7A /* ASIDownloadCache.m in Sources */,
				E168DA5F14847ADC00380F7A /* ASIFormDataRequest.m in Sources */,
				E168DA6114847ADC00380F7A /* ASIHTTPRequest.m in Sources */,
				E168DA6514847ADC00380F7A /* ASIInputStream.m in Sources */,
				E168DA6714847ADC00380F7A /* ASINetworkQueue.m in Sources */,
				E168DA6A14847ADC00380F7A /* ASIWebPageRequest.m in Sources */,
				E168DA6C14847ADC00380F7A /* ASICloudFilesCDNRequest.m in Sources */,
				E168DA6E14847ADC00380F7A /* ASICloudFilesContainer.m in Sources */,
				E168DA7014847ADC00380F7A /* ASICloudFilesContainerRequest.m in Sources */,
				E168DA7214847ADC00380F7A /* ASICloudFilesContainerXMLParserDelegate.m in Sources */,
				E168DA7414847ADC00380F7A /* ASICloudFilesObject.m in Sources */,
				E168DA7614847ADC00380F7A /* ASICloudFilesObjectRequest.m in Sources */,
				E168DA7814847ADC00380F7A /* ASICloudFilesRequest.m in Sources */,
				E168DA7B14847ADC00380F7A /* ASIS3Bucket.m in Sources */,
				E168DA7D14847ADC00380F7A /* ASIS3BucketObject.m in Sources */,
				E168DA7F14847ADC00380F7A /* ASIS3BucketRequest.m in Sources */,
				E168DA8114847ADC00380F7A /* ASIS3ObjectRequest.m in Sources */,
				E168DA8314847ADC00380F7A /* ASIS3Request.m in Sources */,
				E168DA8514847ADC00380F7A /* ASIS3ServiceRequest.m in Sources */,
				E168DA941484817B00380F7A /* IEKBase64.m in Sources */,
				E168DA961484817B00380F7A /* IEKColorManager.m in Sources */,
				E168DA981484817B00380F7A /* IEKDateTimeHelper.m in Sources */,
				E168DA9A1484817B00380F7A /* IEKDigest.m in Sources */,
				E168DA9C1484817B00380F7A /* IEKFontManager.m in Sources */,
				E168DA9E1484817B00380F7A /* IEKHmac.m in Sources */,
				E19D95E01484A38700C24253 /* Reachability.m in Sources */,
				E19D95E81484A43600C24253 /* JSONKit.m in Sources */,
			);
			runOnlyForDeploymentPostprocessing = 0;
		};
		E11546821405319700DB7F8D /* Sources */ = {
			isa = PBXSourcesBuildPhase;
			buildActionMask = 2147483647;
			files = (
				E115469B1405319700DB7F8D /* IEKCryptoTests.m in Sources */,
				E1F02A5D140917A5000610A7 /* IEKCodingTests.m in Sources */,
				E1EBF403140E5EDC00B7FEF4 /* IEKObjectTests.m in Sources */,
				E19D95F01484A64100C24253 /* JSONKitTests.m in Sources */,
			);
			runOnlyForDeploymentPostprocessing = 0;
		};
/* End PBXSourcesBuildPhase section */

/* Begin PBXTargetDependency section */
		E11546901405319700DB7F8D /* PBXTargetDependency */ = {
			isa = PBXTargetDependency;
			target = E11546761405319700DB7F8D /* iOS Easy Kit */;
			targetProxy = E115468F1405319700DB7F8D /* PBXContainerItemProxy */;
		};
/* End PBXTargetDependency section */

/* Begin PBXVariantGroup section */
		E11546951405319700DB7F8D /* InfoPlist.strings */ = {
			isa = PBXVariantGroup;
			children = (
				E11546961405319700DB7F8D /* en */,
			);
			name = InfoPlist.strings;
			sourceTree = "<group>";
		};
/* End PBXVariantGroup section */

/* Begin XCBuildConfiguration section */
		E115469C1405319700DB7F8D /* Debug */ = {
			isa = XCBuildConfiguration;
			buildSettings = {
				ALWAYS_SEARCH_USER_PATHS = NO;
				ARCHS = "$(ARCHS_STANDARD_32_BIT)";
				COPY_PHASE_STRIP = NO;
				GCC_C_LANGUAGE_STANDARD = gnu99;
				GCC_DYNAMIC_NO_PIC = NO;
				GCC_OPTIMIZATION_LEVEL = 0;
				GCC_PREPROCESSOR_DEFINITIONS = (
					"DEBUG=1",
					"$(inherited)",
				);
				GCC_SYMBOLS_PRIVATE_EXTERN = NO;
				GCC_VERSION = com.apple.compilers.llvmgcc42;
				GCC_WARN_ABOUT_MISSING_PROTOTYPES = YES;
				GCC_WARN_ABOUT_RETURN_TYPE = YES;
				GCC_WARN_UNUSED_VARIABLE = YES;
				IPHONEOS_DEPLOYMENT_TARGET = 4.3;
				OTHER_LDFLAGS = "-all_load";
				SDKROOT = iphoneos;
				TARGETED_DEVICE_FAMILY = "1,2";
			};
			name = Debug;
		};
		E115469D1405319700DB7F8D /* Release */ = {
			isa = XCBuildConfiguration;
			buildSettings = {
				ALWAYS_SEARCH_USER_PATHS = NO;
				ARCHS = "$(ARCHS_STANDARD_32_BIT)";
				COPY_PHASE_STRIP = YES;
				GCC_C_LANGUAGE_STANDARD = gnu99;
				GCC_VERSION = com.apple.compilers.llvmgcc42;
				GCC_WARN_ABOUT_MISSING_PROTOTYPES = YES;
				GCC_WARN_ABOUT_RETURN_TYPE = YES;
				GCC_WARN_UNUSED_VARIABLE = YES;
				IPHONEOS_DEPLOYMENT_TARGET = 4.3;
				OTHER_LDFLAGS = "-all_load";
				SDKROOT = iphoneos;
				TARGETED_DEVICE_FAMILY = "1,2";
				VALIDATE_PRODUCT = YES;
			};
			name = Release;
		};
		E115469F1405319700DB7F8D /* Debug */ = {
			isa = XCBuildConfiguration;
			buildSettings = {
				DSTROOT = /tmp/iOS_Easy_Kit.dst;
				FRAMEWORK_SEARCH_PATHS = (
					"$(inherited)",
					"\"$(DEVELOPER_FRAMEWORKS_DIR)\"",
				);
				GCC_PRECOMPILE_PREFIX_HEADER = YES;
				GCC_PREFIX_HEADER = "iOS Easy Kit/iOS Easy Kit-Prefix.pch";
				GCC_VERSION = com.apple.compilers.llvm.clang.1_0;
				HEADER_SEARCH_PATHS = /usr/include/libxml2;
				OTHER_LDFLAGS = "";
				PRODUCT_NAME = iOSEasyKit;
				SKIP_INSTALL = YES;
				TARGETED_DEVICE_FAMILY = "1,2";
			};
			name = Debug;
		};
		E11546A01405319700DB7F8D /* Release */ = {
			isa = XCBuildConfiguration;
			buildSettings = {
				DSTROOT = /tmp/iOS_Easy_Kit.dst;
				FRAMEWORK_SEARCH_PATHS = (
					"$(inherited)",
					"\"$(DEVELOPER_FRAMEWORKS_DIR)\"",
				);
				GCC_PRECOMPILE_PREFIX_HEADER = YES;
				GCC_PREFIX_HEADER = "iOS Easy Kit/iOS Easy Kit-Prefix.pch";
				GCC_VERSION = com.apple.compilers.llvm.clang.1_0;
				HEADER_SEARCH_PATHS = /usr/include/libxml2;
				OTHER_LDFLAGS = "";
				PRODUCT_NAME = iOSEasyKit;
				SKIP_INSTALL = YES;
				TARGETED_DEVICE_FAMILY = "1,2";
			};
			name = Release;
		};
		E11546A21405319700DB7F8D /* Debug */ = {
			isa = XCBuildConfiguration;
			buildSettings = {
				FRAMEWORK_SEARCH_PATHS = (
					"$(SDKROOT)/Developer/Library/Frameworks",
					"$(DEVELOPER_LIBRARY_DIR)/Frameworks",
				);
				GCC_PRECOMPILE_PREFIX_HEADER = YES;
				GCC_PREFIX_HEADER = "iOS Easy Kit/iOS Easy Kit-Prefix.pch";
				GCC_VERSION = com.apple.compilers.llvm.clang.1_0;
				INFOPLIST_FILE = "iOS Easy KitTests/iOS Easy KitTests-Info.plist";
				PRODUCT_NAME = "$(TARGET_NAME)";
				WRAPPER_EXTENSION = octest;
			};
			name = Debug;
		};
		E11546A31405319700DB7F8D /* Release */ = {
			isa = XCBuildConfiguration;
			buildSettings = {
				FRAMEWORK_SEARCH_PATHS = (
					"$(SDKROOT)/Developer/Library/Frameworks",
					"$(DEVELOPER_LIBRARY_DIR)/Frameworks",
				);
				GCC_PRECOMPILE_PREFIX_HEADER = YES;
				GCC_PREFIX_HEADER = "iOS Easy Kit/iOS Easy Kit-Prefix.pch";
				GCC_VERSION = com.apple.compilers.llvm.clang.1_0;
				INFOPLIST_FILE = "iOS Easy KitTests/iOS Easy KitTests-Info.plist";
				PRODUCT_NAME = "$(TARGET_NAME)";
				WRAPPER_EXTENSION = octest;
			};
			name = Release;
		};
/* End XCBuildConfiguration section */

/* Begin XCConfigurationList section */
		E11546711405319700DB7F8D /* Build configuration list for PBXProject "iOS Easy Kit" */ = {
			isa = XCConfigurationList;
			buildConfigurations = (
				E115469C1405319700DB7F8D /* Debug */,
				E115469D1405319700DB7F8D /* Release */,
			);
			defaultConfigurationIsVisible = 0;
			defaultConfigurationName = Release;
		};
		E115469E1405319700DB7F8D /* Build configuration list for PBXNativeTarget "iOS Easy Kit" */ = {
			isa = XCConfigurationList;
			buildConfigurations = (
				E115469F1405319700DB7F8D /* Debug */,
				E11546A01405319700DB7F8D /* Release */,
			);
			defaultConfigurationIsVisible = 0;
			defaultConfigurationName = Release;
		};
		E11546A11405319700DB7F8D /* Build configuration list for PBXNativeTarget "iOS Easy KitTests" */ = {
			isa = XCConfigurationList;
			buildConfigurations = (
				E11546A21405319700DB7F8D /* Debug */,
				E11546A31405319700DB7F8D /* Release */,
			);
			defaultConfigurationIsVisible = 0;
			defaultConfigurationName = Release;
		};
/* End XCConfigurationList section */
	};
	rootObject = E115466E1405319700DB7F8D /* Project object */;
}
