// !$*UTF8*$!
{
	archiveVersion = 1;
	classes = {
	};
	objectVersion = 46;
	objects = {

/* Begin PBXBuildFile section */
		E115467B1405319700DB7F8D /* Foundation.framework in Frameworks */ = {isa = PBXBuildFile; fileRef = E115467A1405319700DB7F8D /* Foundation.framework */; };
		E11546891405319700DB7F8D /* SenTestingKit.framework in Frameworks */ = {isa = PBXBuildFile; fileRef = E11546881405319700DB7F8D /* SenTestingKit.framework */; };
		E115468C1405319700DB7F8D /* Foundation.framework in Frameworks */ = {isa = PBXBuildFile; fileRef = E115467A1405319700DB7F8D /* Foundation.framework */; };
		E11546911405319700DB7F8D /* libiOS Easy Kit.a in Frameworks */ = {isa = PBXBuildFile; fileRef = E11546771405319700DB7F8D /* libiOS Easy Kit.a */; };
		E11546971405319700DB7F8D /* InfoPlist.strings in Resources */ = {isa = PBXBuildFile; fileRef = E11546951405319700DB7F8D /* InfoPlist.strings */; };
		E11546991405319700DB7F8D /* IEKCryptoTests.h in Resources */ = {isa = PBXBuildFile; fileRef = E11546981405319700DB7F8D /* IEKCryptoTests.h */; };
		E115469B1405319700DB7F8D /* IEKCryptoTests.m in Sources */ = {isa = PBXBuildFile; fileRef = E115469A1405319700DB7F8D /* IEKCryptoTests.m */; };
		E11546A614054B0E00DB7F8D /* NSString+IEK.h in Headers */ = {isa = PBXBuildFile; fileRef = E11546A414054B0E00DB7F8D /* NSString+IEK.h */; };
		E11546A714054B0E00DB7F8D /* NSString+IEK.m in Sources */ = {isa = PBXBuildFile; fileRef = E11546A514054B0E00DB7F8D /* NSString+IEK.m */; };
		E11546AB1405D21800DB7F8D /* IEKDigest.h in Headers */ = {isa = PBXBuildFile; fileRef = E11546A91405D21800DB7F8D /* IEKDigest.h */; };
		E11546AC1405D21800DB7F8D /* IEKDigest.m in Sources */ = {isa = PBXBuildFile; fileRef = E11546AA1405D21800DB7F8D /* IEKDigest.m */; };
		E1C735AE1406A8440048FF8B /* CoreGraphics.framework in Frameworks */ = {isa = PBXBuildFile; fileRef = E1C735AD1406A8440048FF8B /* CoreGraphics.framework */; };
		E1C735B01406A86B0048FF8B /* UIKit.framework in Frameworks */ = {isa = PBXBuildFile; fileRef = E1C735AF1406A86B0048FF8B /* UIKit.framework */; };
		E1E6138C140674D7007BC75C /* NSDate+IEK.h in Headers */ = {isa = PBXBuildFile; fileRef = E1E6138A140674D7007BC75C /* NSDate+IEK.h */; };
		E1E6138D140674D7007BC75C /* NSDate+IEK.m in Sources */ = {isa = PBXBuildFile; fileRef = E1E6138B140674D7007BC75C /* NSDate+IEK.m */; };
		E1E6139114068B17007BC75C /* IEKHmac.h in Headers */ = {isa = PBXBuildFile; fileRef = E1E6138F14068B17007BC75C /* IEKHmac.h */; };
		E1E6139214068B17007BC75C /* IEKHmac.m in Sources */ = {isa = PBXBuildFile; fileRef = E1E6139014068B17007BC75C /* IEKHmac.m */; };
		E1EA2975140D1F9D009333F4 /* NSDictionary+IEK.h in Headers */ = {isa = PBXBuildFile; fileRef = E1EA2973140D1F9D009333F4 /* NSDictionary+IEK.h */; };
		E1EA2976140D1F9D009333F4 /* NSDictionary+IEK.m in Sources */ = {isa = PBXBuildFile; fileRef = E1EA2974140D1F9D009333F4 /* NSDictionary+IEK.m */; };
		E1EA297A140D1FF7009333F4 /* IEKObject.h in Headers */ = {isa = PBXBuildFile; fileRef = E1EA2978140D1FF7009333F4 /* IEKObject.h */; };
		E1EA297B140D1FF7009333F4 /* IEKObject.m in Sources */ = {isa = PBXBuildFile; fileRef = E1EA2979140D1FF7009333F4 /* IEKObject.m */; };
		E1EBF403140E5EDC00B7FEF4 /* IEKObjectTests.m in Sources */ = {isa = PBXBuildFile; fileRef = E1EBF402140E5EDC00B7FEF4 /* IEKObjectTests.m */; };
		E1EBF406140E685600B7FEF4 /* UIKit.framework in Frameworks */ = {isa = PBXBuildFile; fileRef = E1EBF405140E685600B7FEF4 /* UIKit.framework */; };
		E1EBF408140E709200B7FEF4 /* CoreGraphics.framework in Frameworks */ = {isa = PBXBuildFile; fileRef = E1EBF407140E709200B7FEF4 /* CoreGraphics.framework */; };
		E1EBF40C140E818900B7FEF4 /* IEKDateTimeHelper.h in Headers */ = {isa = PBXBuildFile; fileRef = E1EBF40A140E818900B7FEF4 /* IEKDateTimeHelper.h */; };
		E1EBF40D140E818900B7FEF4 /* IEKDateTimeHelper.m in Sources */ = {isa = PBXBuildFile; fileRef = E1EBF40B140E818900B7FEF4 /* IEKDateTimeHelper.m */; };
		E1F02A571408816E000610A7 /* IEKBase64.h in Headers */ = {isa = PBXBuildFile; fileRef = E1F02A551408816E000610A7 /* IEKBase64.h */; };
		E1F02A581408816E000610A7 /* IEKBase64.m in Sources */ = {isa = PBXBuildFile; fileRef = E1F02A561408816E000610A7 /* IEKBase64.m */; };
		E1F02A5B1409165C000610A7 /* IEKCodingTests.h in Headers */ = {isa = PBXBuildFile; fileRef = E1F02A591409165C000610A7 /* IEKCodingTests.h */; };
		E1F02A5D140917A5000610A7 /* IEKCodingTests.m in Sources */ = {isa = PBXBuildFile; fileRef = E1F02A5A1409165C000610A7 /* IEKCodingTests.m */; };
		E1F02A671409D417000610A7 /* UIFont+IEK.h in Headers */ = {isa = PBXBuildFile; fileRef = E1F02A651409D417000610A7 /* UIFont+IEK.h */; };
		E1F02A681409D417000610A7 /* UIFont+IEK.m in Sources */ = {isa = PBXBuildFile; fileRef = E1F02A661409D417000610A7 /* UIFont+IEK.m */; };
		E1F02A6D1409D719000610A7 /* UIColor+IEK.h in Headers */ = {isa = PBXBuildFile; fileRef = E1F02A6B1409D719000610A7 /* UIColor+IEK.h */; };
		E1F02A6E1409D719000610A7 /* UIColor+IEK.m in Sources */ = {isa = PBXBuildFile; fileRef = E1F02A6C1409D719000610A7 /* UIColor+IEK.m */; };
		E1F02A711409D76B000610A7 /* IEKFontManager.h in Headers */ = {isa = PBXBuildFile; fileRef = E1F02A6F1409D76B000610A7 /* IEKFontManager.h */; };
		E1F02A721409D76B000610A7 /* IEKFontManager.m in Sources */ = {isa = PBXBuildFile; fileRef = E1F02A701409D76B000610A7 /* IEKFontManager.m */; };
		E1F02A751409D782000610A7 /* IEKColorManager.h in Headers */ = {isa = PBXBuildFile; fileRef = E1F02A731409D782000610A7 /* IEKColorManager.h */; };
		E1F02A761409D782000610A7 /* IEKColorManager.m in Sources */ = {isa = PBXBuildFile; fileRef = E1F02A741409D782000610A7 /* IEKColorManager.m */; };
/* End PBXBuildFile section */

/* Begin PBXContainerItemProxy section */
		E115468F1405319700DB7F8D /* PBXContainerItemProxy */ = {
			isa = PBXContainerItemProxy;
			containerPortal = E115466E1405319700DB7F8D /* Project object */;
			proxyType = 1;
			remoteGlobalIDString = E11546761405319700DB7F8D;
			remoteInfo = "iOS Easy Kit";
		};
/* End PBXContainerItemProxy section */

/* Begin PBXFileReference section */
		E11546771405319700DB7F8D /* libiOS Easy Kit.a */ = {isa = PBXFileReference; explicitFileType = archive.ar; includeInIndex = 0; path = "libiOS Easy Kit.a"; sourceTree = BUILT_PRODUCTS_DIR; };
		E115467A1405319700DB7F8D /* Foundation.framework */ = {isa = PBXFileReference; lastKnownFileType = wrapper.framework; name = Foundation.framework; path = System/Library/Frameworks/Foundation.framework; sourceTree = SDKROOT; };
		E115467E1405319700DB7F8D /* iOS Easy Kit-Prefix.pch */ = {isa = PBXFileReference; lastKnownFileType = sourcecode.c.h; path = "iOS Easy Kit-Prefix.pch"; sourceTree = "<group>"; };
		E115467F1405319700DB7F8D /* iOSEasyKit.h */ = {isa = PBXFileReference; lastKnownFileType = sourcecode.c.h; path = iOSEasyKit.h; sourceTree = "<group>"; };
		E11546871405319700DB7F8D /* iOS Easy KitTests.octest */ = {isa = PBXFileReference; explicitFileType = wrapper.cfbundle; includeInIndex = 0; path = "iOS Easy KitTests.octest"; sourceTree = BUILT_PRODUCTS_DIR; };
		E11546881405319700DB7F8D /* SenTestingKit.framework */ = {isa = PBXFileReference; lastKnownFileType = wrapper.framework; name = SenTestingKit.framework; path = Library/Frameworks/SenTestingKit.framework; sourceTree = DEVELOPER_DIR; };
		E11546941405319700DB7F8D /* iOS Easy KitTests-Info.plist */ = {isa = PBXFileReference; lastKnownFileType = text.plist.xml; path = "iOS Easy KitTests-Info.plist"; sourceTree = "<group>"; };
		E11546961405319700DB7F8D /* en */ = {isa = PBXFileReference; lastKnownFileType = text.plist.strings; name = en; path = en.lproj/InfoPlist.strings; sourceTree = "<group>"; };
		E11546981405319700DB7F8D /* IEKCryptoTests.h */ = {isa = PBXFileReference; lastKnownFileType = sourcecode.c.h; path = IEKCryptoTests.h; sourceTree = "<group>"; };
		E115469A1405319700DB7F8D /* IEKCryptoTests.m */ = {isa = PBXFileReference; lastKnownFileType = sourcecode.c.objc; path = IEKCryptoTests.m; sourceTree = "<group>"; };
		E11546A414054B0E00DB7F8D /* NSString+IEK.h */ = {isa = PBXFileReference; fileEncoding = 4; lastKnownFileType = sourcecode.c.h; path = "NSString+IEK.h"; sourceTree = "<group>"; };
		E11546A514054B0E00DB7F8D /* NSString+IEK.m */ = {isa = PBXFileReference; fileEncoding = 4; lastKnownFileType = sourcecode.c.objc; path = "NSString+IEK.m"; sourceTree = "<group>"; };
		E11546A91405D21800DB7F8D /* IEKDigest.h */ = {isa = PBXFileReference; fileEncoding = 4; lastKnownFileType = sourcecode.c.h; path = IEKDigest.h; sourceTree = "<group>"; };
		E11546AA1405D21800DB7F8D /* IEKDigest.m */ = {isa = PBXFileReference; fileEncoding = 4; lastKnownFileType = sourcecode.c.objc; path = IEKDigest.m; sourceTree = "<group>"; };
		E1C735AD1406A8440048FF8B /* CoreGraphics.framework */ = {isa = PBXFileReference; lastKnownFileType = wrapper.framework; name = CoreGraphics.framework; path = System/Library/Frameworks/CoreGraphics.framework; sourceTree = SDKROOT; };
		E1C735AF1406A86B0048FF8B /* UIKit.framework */ = {isa = PBXFileReference; lastKnownFileType = wrapper.framework; name = UIKit.framework; path = System/Library/Frameworks/UIKit.framework; sourceTree = SDKROOT; };
		E1E6138A140674D7007BC75C /* NSDate+IEK.h */ = {isa = PBXFileReference; fileEncoding = 4; lastKnownFileType = sourcecode.c.h; path = "NSDate+IEK.h"; sourceTree = "<group>"; };
		E1E6138B140674D7007BC75C /* NSDate+IEK.m */ = {isa = PBXFileReference; fileEncoding = 4; lastKnownFileType = sourcecode.c.objc; path = "NSDate+IEK.m"; sourceTree = "<group>"; };
		E1E6138F14068B17007BC75C /* IEKHmac.h */ = {isa = PBXFileReference; fileEncoding = 4; lastKnownFileType = sourcecode.c.h; path = IEKHmac.h; sourceTree = "<group>"; };
		E1E6139014068B17007BC75C /* IEKHmac.m */ = {isa = PBXFileReference; fileEncoding = 4; lastKnownFileType = sourcecode.c.objc; path = IEKHmac.m; sourceTree = "<group>"; };
		E1EA2973140D1F9D009333F4 /* NSDictionary+IEK.h */ = {isa = PBXFileReference; fileEncoding = 4; lastKnownFileType = sourcecode.c.h; path = "NSDictionary+IEK.h"; sourceTree = "<group>"; };
		E1EA2974140D1F9D009333F4 /* NSDictionary+IEK.m */ = {isa = PBXFileReference; fileEncoding = 4; lastKnownFileType = sourcecode.c.objc; path = "NSDictionary+IEK.m"; sourceTree = "<group>"; };
		E1EA2978140D1FF7009333F4 /* IEKObject.h */ = {isa = PBXFileReference; fileEncoding = 4; lastKnownFileType = sourcecode.c.h; path = IEKObject.h; sourceTree = "<group>"; };
		E1EA2979140D1FF7009333F4 /* IEKObject.m */ = {isa = PBXFileReference; fileEncoding = 4; lastKnownFileType = sourcecode.c.objc; path = IEKObject.m; sourceTree = "<group>"; };
		E1EBF401140E5EDC00B7FEF4 /* IEKObjectTests.h */ = {isa = PBXFileReference; fileEncoding = 4; lastKnownFileType = sourcecode.c.h; path = IEKObjectTests.h; sourceTree = "<group>"; };
		E1EBF402140E5EDC00B7FEF4 /* IEKObjectTests.m */ = {isa = PBXFileReference; fileEncoding = 4; lastKnownFileType = sourcecode.c.objc; path = IEKObjectTests.m; sourceTree = "<group>"; };
		E1EBF405140E685600B7FEF4 /* UIKit.framework */ = {isa = PBXFileReference; lastKnownFileType = wrapper.framework; name = UIKit.framework; path = System/Library/Frameworks/UIKit.framework; sourceTree = SDKROOT; };
		E1EBF407140E709200B7FEF4 /* CoreGraphics.framework */ = {isa = PBXFileReference; lastKnownFileType = wrapper.framework; name = CoreGraphics.framework; path = System/Library/Frameworks/CoreGraphics.framework; sourceTree = SDKROOT; };
		E1EBF40A140E818900B7FEF4 /* IEKDateTimeHelper.h */ = {isa = PBXFileReference; fileEncoding = 4; lastKnownFileType = sourcecode.c.h; path = IEKDateTimeHelper.h; sourceTree = "<group>"; };
		E1EBF40B140E818900B7FEF4 /* IEKDateTimeHelper.m */ = {isa = PBXFileReference; fileEncoding = 4; lastKnownFileType = sourcecode.c.objc; path = IEKDateTimeHelper.m; sourceTree = "<group>"; };
		E1F02A551408816E000610A7 /* IEKBase64.h */ = {isa = PBXFileReference; fileEncoding = 4; lastKnownFileType = sourcecode.c.h; path = IEKBase64.h; sourceTree = "<group>"; };
		E1F02A561408816E000610A7 /* IEKBase64.m */ = {isa = PBXFileReference; fileEncoding = 4; lastKnownFileType = sourcecode.c.objc; path = IEKBase64.m; sourceTree = "<group>"; };
		E1F02A591409165C000610A7 /* IEKCodingTests.h */ = {isa = PBXFileReference; fileEncoding = 4; lastKnownFileType = sourcecode.c.h; path = IEKCodingTests.h; sourceTree = "<group>"; };
		E1F02A5A1409165C000610A7 /* IEKCodingTests.m */ = {isa = PBXFileReference; fileEncoding = 4; lastKnownFileType = sourcecode.c.objc; path = IEKCodingTests.m; sourceTree = "<group>"; };
		E1F02A651409D417000610A7 /* UIFont+IEK.h */ = {isa = PBXFileReference; fileEncoding = 4; lastKnownFileType = sourcecode.c.h; path = "UIFont+IEK.h"; sourceTree = "<group>"; };
		E1F02A661409D417000610A7 /* UIFont+IEK.m */ = {isa = PBXFileReference; fileEncoding = 4; lastKnownFileType = sourcecode.c.objc; path = "UIFont+IEK.m"; sourceTree = "<group>"; };
		E1F02A6B1409D719000610A7 /* UIColor+IEK.h */ = {isa = PBXFileReference; fileEncoding = 4; lastKnownFileType = sourcecode.c.h; path = "UIColor+IEK.h"; sourceTree = "<group>"; };
		E1F02A6C1409D719000610A7 /* UIColor+IEK.m */ = {isa = PBXFileReference; fileEncoding = 4; lastKnownFileType = sourcecode.c.objc; path = "UIColor+IEK.m"; sourceTree = "<group>"; };
		E1F02A6F1409D76B000610A7 /* IEKFontManager.h */ = {isa = PBXFileReference; fileEncoding = 4; lastKnownFileType = sourcecode.c.h; path = IEKFontManager.h; sourceTree = "<group>"; };
		E1F02A701409D76B000610A7 /* IEKFontManager.m */ = {isa = PBXFileReference; fileEncoding = 4; lastKnownFileType = sourcecode.c.objc; path = IEKFontManager.m; sourceTree = "<group>"; };
		E1F02A731409D782000610A7 /* IEKColorManager.h */ = {isa = PBXFileReference; fileEncoding = 4; lastKnownFileType = sourcecode.c.h; path = IEKColorManager.h; sourceTree = "<group>"; };
		E1F02A741409D782000610A7 /* IEKColorManager.m */ = {isa = PBXFileReference; fileEncoding = 4; lastKnownFileType = sourcecode.c.objc; path = IEKColorManager.m; sourceTree = "<group>"; };
/* End PBXFileReference section */

/* Begin PBXFrameworksBuildPhase section */
		E11546741405319700DB7F8D /* Frameworks */ = {
			isa = PBXFrameworksBuildPhase;
			buildActionMask = 2147483647;
			files = (
				E1C735B01406A86B0048FF8B /* UIKit.framework in Frameworks */,
				E1C735AE1406A8440048FF8B /* CoreGraphics.framework in Frameworks */,
				E115467B1405319700DB7F8D /* Foundation.framework in Frameworks */,
			);
			runOnlyForDeploymentPostprocessing = 0;
		};
		E11546831405319700DB7F8D /* Frameworks */ = {
			isa = PBXFrameworksBuildPhase;
			buildActionMask = 2147483647;
			files = (
				E1EBF408140E709200B7FEF4 /* CoreGraphics.framework in Frameworks */,
				E1EBF406140E685600B7FEF4 /* UIKit.framework in Frameworks */,
				E11546891405319700DB7F8D /* SenTestingKit.framework in Frameworks */,
				E115468C1405319700DB7F8D /* Foundation.framework in Frameworks */,
				E11546911405319700DB7F8D /* libiOS Easy Kit.a in Frameworks */,
			);
			runOnlyForDeploymentPostprocessing = 0;
		};
/* End PBXFrameworksBuildPhase section */

/* Begin PBXGroup section */
		E115466C1405319700DB7F8D = {
			isa = PBXGroup;
			children = (
				E1EBF407140E709200B7FEF4 /* CoreGraphics.framework */,
				E1EBF405140E685600B7FEF4 /* UIKit.framework */,
				E115467C1405319700DB7F8D /* iOS Easy Kit */,
				E11546921405319700DB7F8D /* iOS Easy KitTests */,
				E11546791405319700DB7F8D /* Frameworks */,
				E11546781405319700DB7F8D /* Products */,
			);
			sourceTree = "<group>";
		};
		E11546781405319700DB7F8D /* Products */ = {
			isa = PBXGroup;
			children = (
				E11546771405319700DB7F8D /* libiOS Easy Kit.a */,
				E11546871405319700DB7F8D /* iOS Easy KitTests.octest */,
			);
			name = Products;
			sourceTree = "<group>";
		};
		E11546791405319700DB7F8D /* Frameworks */ = {
			isa = PBXGroup;
			children = (
				E1C735AF1406A86B0048FF8B /* UIKit.framework */,
				E1C735AD1406A8440048FF8B /* CoreGraphics.framework */,
				E115467A1405319700DB7F8D /* Foundation.framework */,
				E11546881405319700DB7F8D /* SenTestingKit.framework */,
			);
			name = Frameworks;
			sourceTree = "<group>";
		};
		E115467C1405319700DB7F8D /* iOS Easy Kit */ = {
			isa = PBXGroup;
			children = (
				E1EBF409140E813C00B7FEF4 /* DateTime */,
				E1F02A6A1409D6C2000610A7 /* Resource */,
				E1F02A5314088130000610A7 /* Coding */,
				E11546AD1405D22F00DB7F8D /* Crypto */,
				E11546A814054B3500DB7F8D /* Categories */,
				E115467F1405319700DB7F8D /* iOSEasyKit.h */,
				E1EA2978140D1FF7009333F4 /* IEKObject.h */,
				E1EA2979140D1FF7009333F4 /* IEKObject.m */,
				E115467D1405319700DB7F8D /* Supporting Files */,
			);
			path = "iOS Easy Kit";
			sourceTree = "<group>";
		};
		E115467D1405319700DB7F8D /* Supporting Files */ = {
			isa = PBXGroup;
			children = (
				E115467E1405319700DB7F8D /* iOS Easy Kit-Prefix.pch */,
			);
			name = "Supporting Files";
			sourceTree = "<group>";
		};
		E11546921405319700DB7F8D /* iOS Easy KitTests */ = {
			isa = PBXGroup;
			children = (
				E1F02A591409165C000610A7 /* IEKCodingTests.h */,
				E1F02A5A1409165C000610A7 /* IEKCodingTests.m */,
				E11546981405319700DB7F8D /* IEKCryptoTests.h */,
				E115469A1405319700DB7F8D /* IEKCryptoTests.m */,
				E1EBF401140E5EDC00B7FEF4 /* IEKObjectTests.h */,
				E1EBF402140E5EDC00B7FEF4 /* IEKObjectTests.m */,
				E11546931405319700DB7F8D /* Supporting Files */,
			);
			path = "iOS Easy KitTests";
			sourceTree = "<group>";
		};
		E11546931405319700DB7F8D /* Supporting Files */ = {
			isa = PBXGroup;
			children = (
				E11546941405319700DB7F8D /* iOS Easy KitTests-Info.plist */,
				E11546951405319700DB7F8D /* InfoPlist.strings */,
			);
			name = "Supporting Files";
			sourceTree = "<group>";
		};
		E11546A814054B3500DB7F8D /* Categories */ = {
			isa = PBXGroup;
			children = (
				E11546A414054B0E00DB7F8D /* NSString+IEK.h */,
				E11546A514054B0E00DB7F8D /* NSString+IEK.m */,
				E1E6138A140674D7007BC75C /* NSDate+IEK.h */,
				E1E6138B140674D7007BC75C /* NSDate+IEK.m */,
				E1F02A651409D417000610A7 /* UIFont+IEK.h */,
				E1F02A661409D417000610A7 /* UIFont+IEK.m */,
				E1F02A6B1409D719000610A7 /* UIColor+IEK.h */,
				E1F02A6C1409D719000610A7 /* UIColor+IEK.m */,
				E1EA2973140D1F9D009333F4 /* NSDictionary+IEK.h */,
				E1EA2974140D1F9D009333F4 /* NSDictionary+IEK.m */,
			);
			name = Categories;
			sourceTree = "<group>";
		};
		E11546AD1405D22F00DB7F8D /* Crypto */ = {
			isa = PBXGroup;
			children = (
				E11546A91405D21800DB7F8D /* IEKDigest.h */,
				E11546AA1405D21800DB7F8D /* IEKDigest.m */,
				E1E6138F14068B17007BC75C /* IEKHmac.h */,
				E1E6139014068B17007BC75C /* IEKHmac.m */,
			);
			name = Crypto;
			sourceTree = "<group>";
		};
		E1EBF409140E813C00B7FEF4 /* DateTime */ = {
			isa = PBXGroup;
			children = (
				E1EBF40A140E818900B7FEF4 /* IEKDateTimeHelper.h */,
				E1EBF40B140E818900B7FEF4 /* IEKDateTimeHelper.m */,
			);
			name = DateTime;
			sourceTree = "<group>";
		};
		E1F02A5314088130000610A7 /* Coding */ = {
			isa = PBXGroup;
			children = (
				E1F02A551408816E000610A7 /* IEKBase64.h */,
				E1F02A561408816E000610A7 /* IEKBase64.m */,
			);
			name = Coding;
			sourceTree = "<group>";
		};
		E1F02A6A1409D6C2000610A7 /* Resource */ = {
			isa = PBXGroup;
			children = (
				E1F02A6F1409D76B000610A7 /* IEKFontManager.h */,
				E1F02A701409D76B000610A7 /* IEKFontManager.m */,
				E1F02A731409D782000610A7 /* IEKColorManager.h */,
				E1F02A741409D782000610A7 /* IEKColorManager.m */,
			);
			name = Resource;
			sourceTree = "<group>";
		};
/* End PBXGroup section */

/* Begin PBXHeadersBuildPhase section */
		E11546751405319700DB7F8D /* Headers */ = {
			isa = PBXHeadersBuildPhase;
			buildActionMask = 2147483647;
			files = (
				E11546A614054B0E00DB7F8D /* NSString+IEK.h in Headers */,
				E11546AB1405D21800DB7F8D /* IEKDigest.h in Headers */,
				E1E6138C140674D7007BC75C /* NSDate+IEK.h in Headers */,
				E1E6139114068B17007BC75C /* IEKHmac.h in Headers */,
				E1F02A571408816E000610A7 /* IEKBase64.h in Headers */,
				E1F02A5B1409165C000610A7 /* IEKCodingTests.h in Headers */,
				E1F02A671409D417000610A7 /* UIFont+IEK.h in Headers */,
				E1F02A6D1409D719000610A7 /* UIColor+IEK.h in Headers */,
				E1F02A711409D76B000610A7 /* IEKFontManager.h in Headers */,
				E1F02A751409D782000610A7 /* IEKColorManager.h in Headers */,
				E1EA2975140D1F9D009333F4 /* NSDictionary+IEK.h in Headers */,
				E1EA297A140D1FF7009333F4 /* IEKObject.h in Headers */,
				E1EBF40C140E818900B7FEF4 /* IEKDateTimeHelper.h in Headers */,
			);
			runOnlyForDeploymentPostprocessing = 0;
		};
/* End PBXHeadersBuildPhase section */

/* Begin PBXNativeTarget section */
		E11546761405319700DB7F8D /* iOS Easy Kit */ = {
			isa = PBXNativeTarget;
			buildConfigurationList = E115469E1405319700DB7F8D /* Build configuration list for PBXNativeTarget "iOS Easy Kit" */;
			buildPhases = (
				E11546731405319700DB7F8D /* Sources */,
				E11546741405319700DB7F8D /* Frameworks */,
				E11546751405319700DB7F8D /* Headers */,
			);
			buildRules = (
			);
			dependencies = (
			);
			name = "iOS Easy Kit";
			productName = "iOS Easy Kit";
			productReference = E11546771405319700DB7F8D /* libiOS Easy Kit.a */;
			productType = "com.apple.product-type.library.static";
		};
		E11546861405319700DB7F8D /* iOS Easy KitTests */ = {
			isa = PBXNativeTarget;
			buildConfigurationList = E11546A11405319700DB7F8D /* Build configuration list for PBXNativeTarget "iOS Easy KitTests" */;
			buildPhases = (
				E11546821405319700DB7F8D /* Sources */,
				E11546831405319700DB7F8D /* Frameworks */,
				E11546841405319700DB7F8D /* Resources */,
				E11546851405319700DB7F8D /* ShellScript */,
			);
			buildRules = (
			);
			dependencies = (
				E11546901405319700DB7F8D /* PBXTargetDependency */,
			);
			name = "iOS Easy KitTests";
			productName = "iOS Easy KitTests";
			productReference = E11546871405319700DB7F8D /* iOS Easy KitTests.octest */;
			productType = "com.apple.product-type.bundle";
		};
/* End PBXNativeTarget section */

/* Begin PBXProject section */
		E115466E1405319700DB7F8D /* Project object */ = {
			isa = PBXProject;
			buildConfigurationList = E11546711405319700DB7F8D /* Build configuration list for PBXProject "iOS Easy Kit" */;
			compatibilityVersion = "Xcode 3.2";
			developmentRegion = English;
			hasScannedForEncodings = 0;
			knownRegions = (
				en,
			);
			mainGroup = E115466C1405319700DB7F8D;
			productRefGroup = E11546781405319700DB7F8D /* Products */;
			projectDirPath = "";
			projectRoot = "";
			targets = (
				E11546761405319700DB7F8D /* iOS Easy Kit */,
				E11546861405319700DB7F8D /* iOS Easy KitTests */,
			);
		};
/* End PBXProject section */

/* Begin PBXResourcesBuildPhase section */
		E11546841405319700DB7F8D /* Resources */ = {
			isa = PBXResourcesBuildPhase;
			buildActionMask = 2147483647;
			files = (
				E11546971405319700DB7F8D /* InfoPlist.strings in Resources */,
				E11546991405319700DB7F8D /* IEKCryptoTests.h in Resources */,
			);
			runOnlyForDeploymentPostprocessing = 0;
		};
/* End PBXResourcesBuildPhase section */

/* Begin PBXShellScriptBuildPhase section */
		E11546851405319700DB7F8D /* ShellScript */ = {
			isa = PBXShellScriptBuildPhase;
			buildActionMask = 2147483647;
			files = (
			);
			inputPaths = (
			);
			outputPaths = (
			);
			runOnlyForDeploymentPostprocessing = 0;
			shellPath = /bin/sh;
			shellScript = "# Run the unit tests in this test bundle.\n\"${SYSTEM_DEVELOPER_DIR}/Tools/RunUnitTests\"\n";
		};
/* End PBXShellScriptBuildPhase section */

/* Begin PBXSourcesBuildPhase section */
		E11546731405319700DB7F8D /* Sources */ = {
			isa = PBXSourcesBuildPhase;
			buildActionMask = 2147483647;
			files = (
				E11546A714054B0E00DB7F8D /* NSString+IEK.m in Sources */,
				E11546AC1405D21800DB7F8D /* IEKDigest.m in Sources */,
				E1E6138D140674D7007BC75C /* NSDate+IEK.m in Sources */,
				E1E6139214068B17007BC75C /* IEKHmac.m in Sources */,
				E1F02A581408816E000610A7 /* IEKBase64.m in Sources */,
				E1F02A681409D417000610A7 /* UIFont+IEK.m in Sources */,
				E1F02A6E1409D719000610A7 /* UIColor+IEK.m in Sources */,
				E1F02A721409D76B000610A7 /* IEKFontManager.m in Sources */,
				E1F02A761409D782000610A7 /* IEKColorManager.m in Sources */,
				E1EA2976140D1F9D009333F4 /* NSDictionary+IEK.m in Sources */,
				E1EA297B140D1FF7009333F4 /* IEKObject.m in Sources */,
				E1EBF40D140E818900B7FEF4 /* IEKDateTimeHelper.m in Sources */,
			);
			runOnlyForDeploymentPostprocessing = 0;
		};
		E11546821405319700DB7F8D /* Sources */ = {
			isa = PBXSourcesBuildPhase;
			buildActionMask = 2147483647;
			files = (
				E115469B1405319700DB7F8D /* IEKCryptoTests.m in Sources */,
				E1F02A5D140917A5000610A7 /* IEKCodingTests.m in Sources */,
				E1EBF403140E5EDC00B7FEF4 /* IEKObjectTests.m in Sources */,
			);
			runOnlyForDeploymentPostprocessing = 0;
		};
/* End PBXSourcesBuildPhase section */

/* Begin PBXTargetDependency section */
		E11546901405319700DB7F8D /* PBXTargetDependency */ = {
			isa = PBXTargetDependency;
			target = E11546761405319700DB7F8D /* iOS Easy Kit */;
			targetProxy = E115468F1405319700DB7F8D /* PBXContainerItemProxy */;
		};
/* End PBXTargetDependency section */

/* Begin PBXVariantGroup section */
		E11546951405319700DB7F8D /* InfoPlist.strings */ = {
			isa = PBXVariantGroup;
			children = (
				E11546961405319700DB7F8D /* en */,
			);
			name = InfoPlist.strings;
			sourceTree = "<group>";
		};
/* End PBXVariantGroup section */

/* Begin XCBuildConfiguration section */
		E115469C1405319700DB7F8D /* Debug */ = {
			isa = XCBuildConfiguration;
			buildSettings = {
				ALWAYS_SEARCH_USER_PATHS = NO;
				ARCHS = "$(ARCHS_STANDARD_32_BIT)";
				COPY_PHASE_STRIP = NO;
				GCC_C_LANGUAGE_STANDARD = gnu99;
				GCC_DYNAMIC_NO_PIC = NO;
				GCC_OPTIMIZATION_LEVEL = 0;
				GCC_PREPROCESSOR_DEFINITIONS = (
					"DEBUG=1",
					"$(inherited)",
				);
				GCC_SYMBOLS_PRIVATE_EXTERN = NO;
				GCC_VERSION = com.apple.compilers.llvmgcc42;
				GCC_WARN_ABOUT_MISSING_PROTOTYPES = YES;
				GCC_WARN_ABOUT_RETURN_TYPE = YES;
				GCC_WARN_UNUSED_VARIABLE = YES;
				IPHONEOS_DEPLOYMENT_TARGET = 4.3;
				OTHER_LDFLAGS = "-all_load";
				SDKROOT = iphoneos;
				TARGETED_DEVICE_FAMILY = "1,2";
			};
			name = Debug;
		};
		E115469D1405319700DB7F8D /* Release */ = {
			isa = XCBuildConfiguration;
			buildSettings = {
				ALWAYS_SEARCH_USER_PATHS = NO;
				ARCHS = "$(ARCHS_STANDARD_32_BIT)";
				COPY_PHASE_STRIP = YES;
				GCC_C_LANGUAGE_STANDARD = gnu99;
				GCC_VERSION = com.apple.compilers.llvmgcc42;
				GCC_WARN_ABOUT_MISSING_PROTOTYPES = YES;
				GCC_WARN_ABOUT_RETURN_TYPE = YES;
				GCC_WARN_UNUSED_VARIABLE = YES;
				IPHONEOS_DEPLOYMENT_TARGET = 4.3;
				OTHER_LDFLAGS = "-all_load";
				SDKROOT = iphoneos;
				TARGETED_DEVICE_FAMILY = "1,2";
				VALIDATE_PRODUCT = YES;
			};
			name = Release;
		};
		E115469F1405319700DB7F8D /* Debug */ = {
			isa = XCBuildConfiguration;
			buildSettings = {
				DSTROOT = /tmp/iOS_Easy_Kit.dst;
				FRAMEWORK_SEARCH_PATHS = (
					"$(inherited)",
					"\"$(DEVELOPER_FRAMEWORKS_DIR)\"",
				);
				GCC_PRECOMPILE_PREFIX_HEADER = YES;
				GCC_PREFIX_HEADER = "iOS Easy Kit/iOS Easy Kit-Prefix.pch";
				OTHER_LDFLAGS = "-ObjC";
				PRODUCT_NAME = "$(TARGET_NAME)";
				SKIP_INSTALL = YES;
				TARGETED_DEVICE_FAMILY = "1,2";
			};
			name = Debug;
		};
		E11546A01405319700DB7F8D /* Release */ = {
			isa = XCBuildConfiguration;
			buildSettings = {
				DSTROOT = /tmp/iOS_Easy_Kit.dst;
				FRAMEWORK_SEARCH_PATHS = (
					"$(inherited)",
					"\"$(DEVELOPER_FRAMEWORKS_DIR)\"",
				);
				GCC_PRECOMPILE_PREFIX_HEADER = YES;
				GCC_PREFIX_HEADER = "iOS Easy Kit/iOS Easy Kit-Prefix.pch";
				OTHER_LDFLAGS = "-ObjC";
				PRODUCT_NAME = "$(TARGET_NAME)";
				SKIP_INSTALL = YES;
				TARGETED_DEVICE_FAMILY = "1,2";
			};
			name = Release;
		};
		E11546A21405319700DB7F8D /* Debug */ = {
			isa = XCBuildConfiguration;
			buildSettings = {
				FRAMEWORK_SEARCH_PATHS = (
					"$(SDKROOT)/Developer/Library/Frameworks",
					"$(DEVELOPER_LIBRARY_DIR)/Frameworks",
				);
				GCC_PRECOMPILE_PREFIX_HEADER = YES;
				GCC_PREFIX_HEADER = "iOS Easy Kit/iOS Easy Kit-Prefix.pch";
				INFOPLIST_FILE = "iOS Easy KitTests/iOS Easy KitTests-Info.plist";
				PRODUCT_NAME = "$(TARGET_NAME)";
				WRAPPER_EXTENSION = octest;
			};
			name = Debug;
		};
		E11546A31405319700DB7F8D /* Release */ = {
			isa = XCBuildConfiguration;
			buildSettings = {
				FRAMEWORK_SEARCH_PATHS = (
					"$(SDKROOT)/Developer/Library/Frameworks",
					"$(DEVELOPER_LIBRARY_DIR)/Frameworks",
				);
				GCC_PRECOMPILE_PREFIX_HEADER = YES;
				GCC_PREFIX_HEADER = "iOS Easy Kit/iOS Easy Kit-Prefix.pch";
				INFOPLIST_FILE = "iOS Easy KitTests/iOS Easy KitTests-Info.plist";
				PRODUCT_NAME = "$(TARGET_NAME)";
				WRAPPER_EXTENSION = octest;
			};
			name = Release;
		};
/* End XCBuildConfiguration section */

/* Begin XCConfigurationList section */
		E11546711405319700DB7F8D /* Build configuration list for PBXProject "iOS Easy Kit" */ = {
			isa = XCConfigurationList;
			buildConfigurations = (
				E115469C1405319700DB7F8D /* Debug */,
				E115469D1405319700DB7F8D /* Release */,
			);
			defaultConfigurationIsVisible = 0;
			defaultConfigurationName = Release;
		};
		E115469E1405319700DB7F8D /* Build configuration list for PBXNativeTarget "iOS Easy Kit" */ = {
			isa = XCConfigurationList;
			buildConfigurations = (
				E115469F1405319700DB7F8D /* Debug */,
				E11546A01405319700DB7F8D /* Release */,
			);
			defaultConfigurationIsVisible = 0;
			defaultConfigurationName = Release;
		};
		E11546A11405319700DB7F8D /* Build configuration list for PBXNativeTarget "iOS Easy KitTests" */ = {
			isa = XCConfigurationList;
			buildConfigurations = (
				E11546A21405319700DB7F8D /* Debug */,
				E11546A31405319700DB7F8D /* Release */,
			);
			defaultConfigurationIsVisible = 0;
			defaultConfigurationName = Release;
		};
/* End XCConfigurationList section */
	};
	rootObject = E115466E1405319700DB7F8D /* Project object */;
}
